// !$*UTF8*$!
{
	archiveVersion = 1;
	classes = {
	};
	objectVersion = 50;
	objects = {

/* Begin PBXBuildFile section */
		FD095B7D255E830700CDCDBB /* Entry.swift in Sources */ = {isa = PBXBuildFile; fileRef = FD095B7C255E830700CDCDBB /* Entry.swift */; };
		FD0D1330257E6656005FF4EA /* Calendar+Range.swift in Sources */ = {isa = PBXBuildFile; fileRef = FD0D132F257E6656005FF4EA /* Calendar+Range.swift */; };
		FD2148A9256067350005AD0D /* TabBarViewController.swift in Sources */ = {isa = PBXBuildFile; fileRef = FD2148A8256067350005AD0D /* TabBarViewController.swift */; };
		FD2148B125606E560005AD0D /* SceneDelegate.swift in Sources */ = {isa = PBXBuildFile; fileRef = FD2148B025606E560005AD0D /* SceneDelegate.swift */; };
		FD2CE623257AE8F200B7CB1F /* CoreDataEntryProvider.swift in Sources */ = {isa = PBXBuildFile; fileRef = FD2CE622257AE8F200B7CB1F /* CoreDataEntryProvider.swift */; };
		FD2D5013257AD1E000A6811C /* TextViewAutoplaceholderDelegate.swift in Sources */ = {isa = PBXBuildFile; fileRef = FD2D5012257AD1E000A6811C /* TextViewAutoplaceholderDelegate.swift */; };
		FD2D501B257AD21900A6811C /* TextFieldReturnNextResponderDelegate.swift in Sources */ = {isa = PBXBuildFile; fileRef = FD2D501A257AD21900A6811C /* TextFieldReturnNextResponderDelegate.swift */; };
		FD316D2C255FF2CA00872EFB /* LocationManager.swift in Sources */ = {isa = PBXBuildFile; fileRef = FD316D2B255FF2CA00872EFB /* LocationManager.swift */; };
		FD316D31256005D000872EFB /* LockingDelegate.swift in Sources */ = {isa = PBXBuildFile; fileRef = FD316D30256005D000872EFB /* LockingDelegate.swift */; };
		FD36F43D257E74CB00123FFB /* LicenseView.swift in Sources */ = {isa = PBXBuildFile; fileRef = FD36F43C257E74CB00123FFB /* LicenseView.swift */; };
		FD36F442257E89A100123FFB /* SelectableListItemView.swift in Sources */ = {isa = PBXBuildFile; fileRef = FD36F441257E89A100123FFB /* SelectableListItemView.swift */; };
		FD36F44A257EC5B300123FFB /* env.swift in Sources */ = {isa = PBXBuildFile; fileRef = FD36F449257EC5B300123FFB /* env.swift */; };
		FD38B338257BD0D10016311E /* CLPlacemark+String.swift in Sources */ = {isa = PBXBuildFile; fileRef = FD38B337257BD0D10016311E /* CLPlacemark+String.swift */; };
		FD38B33D257BE87F0016311E /* WeatherAPI.swift in Sources */ = {isa = PBXBuildFile; fileRef = FD38B33C257BE87F0016311E /* WeatherAPI.swift */; };
		FD44A5C3258E0C84004E3B2B /* UIApplication+keyController.swift in Sources */ = {isa = PBXBuildFile; fileRef = FD44A5C2258E0C84004E3B2B /* UIApplication+keyController.swift */; };
		FD44A5C8258E113C004E3B2B /* AuthRetryButton.swift in Sources */ = {isa = PBXBuildFile; fileRef = FD44A5C7258E113C004E3B2B /* AuthRetryButton.swift */; };
		FD44A5D6258E1517004E3B2B /* BoolBinding.swift in Sources */ = {isa = PBXBuildFile; fileRef = FD44A5D5258E1517004E3B2B /* BoolBinding.swift */; };
		FD5DBECD2579936A00FB9D26 /* UIDatePicker+Stylize.swift in Sources */ = {isa = PBXBuildFile; fileRef = FD5DBECC2579936A00FB9D26 /* UIDatePicker+Stylize.swift */; };
		FD5DBED3257999E700FB9D26 /* EntryView.swift in Sources */ = {isa = PBXBuildFile; fileRef = FD5DBED2257999E700FB9D26 /* EntryView.swift */; };
		FD84AA8C25713EF100C046E4 /* EntryProvider.swift in Sources */ = {isa = PBXBuildFile; fileRef = FD84AA8B25713EF100C046E4 /* EntryProvider.swift */; };
		FD84AA912571422E00C046E4 /* MockEntryProvider.swift in Sources */ = {isa = PBXBuildFile; fileRef = FD84AA902571422E00C046E4 /* MockEntryProvider.swift */; };
		FDA3389D2577BB2F00C2A21C /* CoreDataManager.swift in Sources */ = {isa = PBXBuildFile; fileRef = FDA3389C2577BB2F00C2A21C /* CoreDataManager.swift */; };
		FDAD4F3E2577A24100C8CF83 /* Daily.xcdatamodeld in Sources */ = {isa = PBXBuildFile; fileRef = FDAD4F3C2577A24100C8CF83 /* Daily.xcdatamodeld */; };
		FDCF04D8257C31D000FEA48D /* CLGeocoder+Future.swift in Sources */ = {isa = PBXBuildFile; fileRef = FDCF04D7257C31D000FEA48D /* CLGeocoder+Future.swift */; };
		FDCF04E8257D068B00FEA48D /* MetadataPublishers.swift in Sources */ = {isa = PBXBuildFile; fileRef = FDCF04E7257D068B00FEA48D /* MetadataPublishers.swift */; };
		FDE9713F2557080A002B911A /* MapViewController.swift in Sources */ = {isa = PBXBuildFile; fileRef = FDE9713E2557080A002B911A /* MapViewController.swift */; };
		FDEE7AB52556B97000532653 /* AppDelegate.swift in Sources */ = {isa = PBXBuildFile; fileRef = FDEE7AB42556B97000532653 /* AppDelegate.swift */; };
		FDEE7AB92556B97000532653 /* EntryViewController.swift in Sources */ = {isa = PBXBuildFile; fileRef = FDEE7AB82556B97000532653 /* EntryViewController.swift */; };
		FDEE7ABE2556B97300532653 /* Assets.xcassets in Resources */ = {isa = PBXBuildFile; fileRef = FDEE7ABD2556B97300532653 /* Assets.xcassets */; };
		FDEE7AC12556B97300532653 /* LaunchScreen.storyboard in Resources */ = {isa = PBXBuildFile; fileRef = FDEE7ABF2556B97300532653 /* LaunchScreen.storyboard */; };
		FDEE7ACC2556B97300532653 /* DailyTests.swift in Sources */ = {isa = PBXBuildFile; fileRef = FDEE7ACB2556B97300532653 /* DailyTests.swift */; };
		FDEE7AD72556B97300532653 /* DailyUITests.swift in Sources */ = {isa = PBXBuildFile; fileRef = FDEE7AD62556B97300532653 /* DailyUITests.swift */; };
		FDF91A70257E702E00367314 /* UIViewController+Tab.swift in Sources */ = {isa = PBXBuildFile; fileRef = FDF91A6F257E702E00367314 /* UIViewController+Tab.swift */; };
		FDF91A7D257E734200367314 /* LICENSE in Resources */ = {isa = PBXBuildFile; fileRef = FDF91A7C257E734200367314 /* LICENSE */; };
		FDF91A83257E740E00367314 /* TextView.swift in Sources */ = {isa = PBXBuildFile; fileRef = FDF91A82257E740E00367314 /* TextView.swift */; };
		FDFC0232257B866E003A52EB /* UIView+screenshot.swift in Sources */ = {isa = PBXBuildFile; fileRef = FDFC0231257B866E003A52EB /* UIView+screenshot.swift */; };
		FDFC024D257B897F003A52EB /* SettingsView.swift in Sources */ = {isa = PBXBuildFile; fileRef = FDFC024C257B897F003A52EB /* SettingsView.swift */; };
		FDFEA1A5258E5E7500EF3EA1 /* CLLocationCoordinate2D+distance.swift in Sources */ = {isa = PBXBuildFile; fileRef = FDFEA1A4258E5E7500EF3EA1 /* CLLocationCoordinate2D+distance.swift */; };
		FDFEA1AA258E5E9600EF3EA1 /* SubtitleTableViewCell.swift in Sources */ = {isa = PBXBuildFile; fileRef = FDFEA1A9258E5E9600EF3EA1 /* SubtitleTableViewCell.swift */; };
		FDFEA1AF258E5EAC00EF3EA1 /* ClusterAnnotationView.swift in Sources */ = {isa = PBXBuildFile; fileRef = FDFEA1AE258E5EAC00EF3EA1 /* ClusterAnnotationView.swift */; };
		FDFEA1B4258E5EC200EF3EA1 /* AutoclusteringAnnotationView.swift in Sources */ = {isa = PBXBuildFile; fileRef = FDFEA1B3258E5EC200EF3EA1 /* AutoclusteringAnnotationView.swift */; };
		FDFEA1B9258E5ED900EF3EA1 /* EntryAnnotation.swift in Sources */ = {isa = PBXBuildFile; fileRef = FDFEA1B8258E5ED900EF3EA1 /* EntryAnnotation.swift */; };
/* End PBXBuildFile section */

/* Begin PBXContainerItemProxy section */
		FDEE7AC82556B97300532653 /* PBXContainerItemProxy */ = {
			isa = PBXContainerItemProxy;
			containerPortal = FDEE7AA92556B97000532653 /* Project object */;
			proxyType = 1;
			remoteGlobalIDString = FDEE7AB02556B97000532653;
			remoteInfo = Daily;
		};
		FDEE7AD32556B97300532653 /* PBXContainerItemProxy */ = {
			isa = PBXContainerItemProxy;
			containerPortal = FDEE7AA92556B97000532653 /* Project object */;
			proxyType = 1;
			remoteGlobalIDString = FDEE7AB02556B97000532653;
			remoteInfo = Daily;
		};
/* End PBXContainerItemProxy section */

/* Begin PBXFileReference section */
		FD095B7C255E830700CDCDBB /* Entry.swift */ = {isa = PBXFileReference; lastKnownFileType = sourcecode.swift; path = Entry.swift; sourceTree = "<group>"; };
		FD0D132F257E6656005FF4EA /* Calendar+Range.swift */ = {isa = PBXFileReference; lastKnownFileType = sourcecode.swift; path = "Calendar+Range.swift"; sourceTree = "<group>"; };
		FD2148A8256067350005AD0D /* TabBarViewController.swift */ = {isa = PBXFileReference; lastKnownFileType = sourcecode.swift; path = TabBarViewController.swift; sourceTree = "<group>"; };
		FD2148B025606E560005AD0D /* SceneDelegate.swift */ = {isa = PBXFileReference; fileEncoding = 4; lastKnownFileType = sourcecode.swift; path = SceneDelegate.swift; sourceTree = "<group>"; };
		FD2CE622257AE8F200B7CB1F /* CoreDataEntryProvider.swift */ = {isa = PBXFileReference; lastKnownFileType = sourcecode.swift; path = CoreDataEntryProvider.swift; sourceTree = "<group>"; };
		FD2D5012257AD1E000A6811C /* TextViewAutoplaceholderDelegate.swift */ = {isa = PBXFileReference; lastKnownFileType = sourcecode.swift; path = TextViewAutoplaceholderDelegate.swift; sourceTree = "<group>"; };
		FD2D501A257AD21900A6811C /* TextFieldReturnNextResponderDelegate.swift */ = {isa = PBXFileReference; lastKnownFileType = sourcecode.swift; path = TextFieldReturnNextResponderDelegate.swift; sourceTree = "<group>"; };
		FD316D2B255FF2CA00872EFB /* LocationManager.swift */ = {isa = PBXFileReference; lastKnownFileType = sourcecode.swift; path = LocationManager.swift; sourceTree = "<group>"; };
		FD316D30256005D000872EFB /* LockingDelegate.swift */ = {isa = PBXFileReference; lastKnownFileType = sourcecode.swift; path = LockingDelegate.swift; sourceTree = "<group>"; };
		FD36F43C257E74CB00123FFB /* LicenseView.swift */ = {isa = PBXFileReference; lastKnownFileType = sourcecode.swift; path = LicenseView.swift; sourceTree = "<group>"; };
		FD36F441257E89A100123FFB /* SelectableListItemView.swift */ = {isa = PBXFileReference; lastKnownFileType = sourcecode.swift; path = SelectableListItemView.swift; sourceTree = "<group>"; };
		FD36F449257EC5B300123FFB /* env.swift */ = {isa = PBXFileReference; lastKnownFileType = sourcecode.swift; path = env.swift; sourceTree = "<group>"; };
		FD38B337257BD0D10016311E /* CLPlacemark+String.swift */ = {isa = PBXFileReference; lastKnownFileType = sourcecode.swift; path = "CLPlacemark+String.swift"; sourceTree = "<group>"; };
		FD38B33C257BE87F0016311E /* WeatherAPI.swift */ = {isa = PBXFileReference; lastKnownFileType = sourcecode.swift; path = WeatherAPI.swift; sourceTree = "<group>"; };
		FD44A5C2258E0C84004E3B2B /* UIApplication+keyController.swift */ = {isa = PBXFileReference; lastKnownFileType = sourcecode.swift; path = "UIApplication+keyController.swift"; sourceTree = "<group>"; };
		FD44A5C7258E113C004E3B2B /* AuthRetryButton.swift */ = {isa = PBXFileReference; lastKnownFileType = sourcecode.swift; path = AuthRetryButton.swift; sourceTree = "<group>"; };
		FD44A5D5258E1517004E3B2B /* BoolBinding.swift */ = {isa = PBXFileReference; lastKnownFileType = sourcecode.swift; path = BoolBinding.swift; sourceTree = "<group>"; };
		FD5DBECC2579936A00FB9D26 /* UIDatePicker+Stylize.swift */ = {isa = PBXFileReference; lastKnownFileType = sourcecode.swift; path = "UIDatePicker+Stylize.swift"; sourceTree = "<group>"; };
		FD5DBED2257999E700FB9D26 /* EntryView.swift */ = {isa = PBXFileReference; lastKnownFileType = sourcecode.swift; path = EntryView.swift; sourceTree = "<group>"; };
		FD84AA8B25713EF100C046E4 /* EntryProvider.swift */ = {isa = PBXFileReference; lastKnownFileType = sourcecode.swift; path = EntryProvider.swift; sourceTree = "<group>"; };
		FD84AA902571422E00C046E4 /* MockEntryProvider.swift */ = {isa = PBXFileReference; lastKnownFileType = sourcecode.swift; path = MockEntryProvider.swift; sourceTree = "<group>"; };
		FDA3389C2577BB2F00C2A21C /* CoreDataManager.swift */ = {isa = PBXFileReference; lastKnownFileType = sourcecode.swift; path = CoreDataManager.swift; sourceTree = "<group>"; };
		FDAD4F3D2577A24100C8CF83 /* Entry.xcdatamodel */ = {isa = PBXFileReference; lastKnownFileType = wrapper.xcdatamodel; path = Entry.xcdatamodel; sourceTree = "<group>"; };
		FDCF04D7257C31D000FEA48D /* CLGeocoder+Future.swift */ = {isa = PBXFileReference; lastKnownFileType = sourcecode.swift; path = "CLGeocoder+Future.swift"; sourceTree = "<group>"; };
		FDCF04E7257D068B00FEA48D /* MetadataPublishers.swift */ = {isa = PBXFileReference; lastKnownFileType = sourcecode.swift; path = MetadataPublishers.swift; sourceTree = "<group>"; };
		FDE9713E2557080A002B911A /* MapViewController.swift */ = {isa = PBXFileReference; lastKnownFileType = sourcecode.swift; path = MapViewController.swift; sourceTree = "<group>"; };
		FDEE7AB12556B97000532653 /* Daily.app */ = {isa = PBXFileReference; explicitFileType = wrapper.application; includeInIndex = 0; path = Daily.app; sourceTree = BUILT_PRODUCTS_DIR; };
		FDEE7AB42556B97000532653 /* AppDelegate.swift */ = {isa = PBXFileReference; lastKnownFileType = sourcecode.swift; path = AppDelegate.swift; sourceTree = "<group>"; };
		FDEE7AB82556B97000532653 /* EntryViewController.swift */ = {isa = PBXFileReference; lastKnownFileType = sourcecode.swift; path = EntryViewController.swift; sourceTree = "<group>"; };
		FDEE7ABD2556B97300532653 /* Assets.xcassets */ = {isa = PBXFileReference; lastKnownFileType = folder.assetcatalog; path = Assets.xcassets; sourceTree = "<group>"; };
		FDEE7AC02556B97300532653 /* Base */ = {isa = PBXFileReference; lastKnownFileType = file.storyboard; name = Base; path = Base.lproj/LaunchScreen.storyboard; sourceTree = "<group>"; };
		FDEE7AC22556B97300532653 /* Info.plist */ = {isa = PBXFileReference; lastKnownFileType = text.plist.xml; path = Info.plist; sourceTree = "<group>"; };
		FDEE7AC72556B97300532653 /* DailyTests.xctest */ = {isa = PBXFileReference; explicitFileType = wrapper.cfbundle; includeInIndex = 0; path = DailyTests.xctest; sourceTree = BUILT_PRODUCTS_DIR; };
		FDEE7ACB2556B97300532653 /* DailyTests.swift */ = {isa = PBXFileReference; lastKnownFileType = sourcecode.swift; path = DailyTests.swift; sourceTree = "<group>"; };
		FDEE7ACD2556B97300532653 /* Info.plist */ = {isa = PBXFileReference; lastKnownFileType = text.plist.xml; path = Info.plist; sourceTree = "<group>"; };
		FDEE7AD22556B97300532653 /* DailyUITests.xctest */ = {isa = PBXFileReference; explicitFileType = wrapper.cfbundle; includeInIndex = 0; path = DailyUITests.xctest; sourceTree = BUILT_PRODUCTS_DIR; };
		FDEE7AD62556B97300532653 /* DailyUITests.swift */ = {isa = PBXFileReference; lastKnownFileType = sourcecode.swift; path = DailyUITests.swift; sourceTree = "<group>"; };
		FDEE7AD82556B97300532653 /* Info.plist */ = {isa = PBXFileReference; lastKnownFileType = text.plist.xml; path = Info.plist; sourceTree = "<group>"; };
		FDF91A6F257E702E00367314 /* UIViewController+Tab.swift */ = {isa = PBXFileReference; lastKnownFileType = sourcecode.swift; path = "UIViewController+Tab.swift"; sourceTree = "<group>"; };
		FDF91A7C257E734200367314 /* LICENSE */ = {isa = PBXFileReference; lastKnownFileType = text; path = LICENSE; sourceTree = "<group>"; };
		FDF91A82257E740E00367314 /* TextView.swift */ = {isa = PBXFileReference; lastKnownFileType = sourcecode.swift; path = TextView.swift; sourceTree = "<group>"; };
		FDFC0231257B866E003A52EB /* UIView+screenshot.swift */ = {isa = PBXFileReference; lastKnownFileType = sourcecode.swift; path = "UIView+screenshot.swift"; sourceTree = "<group>"; };
		FDFC024C257B897F003A52EB /* SettingsView.swift */ = {isa = PBXFileReference; lastKnownFileType = sourcecode.swift; path = SettingsView.swift; sourceTree = "<group>"; };
		FDFEA1A4258E5E7500EF3EA1 /* CLLocationCoordinate2D+distance.swift */ = {isa = PBXFileReference; lastKnownFileType = sourcecode.swift; path = "CLLocationCoordinate2D+distance.swift"; sourceTree = "<group>"; };
		FDFEA1A9258E5E9600EF3EA1 /* SubtitleTableViewCell.swift */ = {isa = PBXFileReference; lastKnownFileType = sourcecode.swift; path = SubtitleTableViewCell.swift; sourceTree = "<group>"; };
		FDFEA1AE258E5EAC00EF3EA1 /* ClusterAnnotationView.swift */ = {isa = PBXFileReference; lastKnownFileType = sourcecode.swift; path = ClusterAnnotationView.swift; sourceTree = "<group>"; };
		FDFEA1B3258E5EC200EF3EA1 /* AutoclusteringAnnotationView.swift */ = {isa = PBXFileReference; lastKnownFileType = sourcecode.swift; path = AutoclusteringAnnotationView.swift; sourceTree = "<group>"; };
		FDFEA1B8258E5ED900EF3EA1 /* EntryAnnotation.swift */ = {isa = PBXFileReference; lastKnownFileType = sourcecode.swift; path = EntryAnnotation.swift; sourceTree = "<group>"; };
/* End PBXFileReference section */

/* Begin PBXFrameworksBuildPhase section */
		FDEE7AAE2556B97000532653 /* Frameworks */ = {
			isa = PBXFrameworksBuildPhase;
			buildActionMask = 2147483647;
			files = (
			);
			runOnlyForDeploymentPostprocessing = 0;
		};
		FDEE7AC42556B97300532653 /* Frameworks */ = {
			isa = PBXFrameworksBuildPhase;
			buildActionMask = 2147483647;
			files = (
			);
			runOnlyForDeploymentPostprocessing = 0;
		};
		FDEE7ACF2556B97300532653 /* Frameworks */ = {
			isa = PBXFrameworksBuildPhase;
			buildActionMask = 2147483647;
			files = (
			);
			runOnlyForDeploymentPostprocessing = 0;
		};
/* End PBXFrameworksBuildPhase section */

/* Begin PBXGroup section */
		FD0D1334257E6F1D005FF4EA /* Models */ = {
			isa = PBXGroup;
			children = (
				FD095B7C255E830700CDCDBB /* Entry.swift */,
				FDAD4F3C2577A24100C8CF83 /* Daily.xcdatamodeld */,
			);
			path = Models;
			sourceTree = "<group>";
		};
		FD2CE621257AE8DC00B7CB1F /* Providers */ = {
			isa = PBXGroup;
			children = (
				FD84AA8B25713EF100C046E4 /* EntryProvider.swift */,
				FD84AA902571422E00C046E4 /* MockEntryProvider.swift */,
				FD2CE622257AE8F200B7CB1F /* CoreDataEntryProvider.swift */,
				FDA3389C2577BB2F00C2A21C /* CoreDataManager.swift */,
			);
			path = Providers;
			sourceTree = "<group>";
		};
		FD2D500E257AD1A700A6811C /* Helpers */ = {
			isa = PBXGroup;
			children = (
				FD2D5012257AD1E000A6811C /* TextViewAutoplaceholderDelegate.swift */,
				FD2D501A257AD21900A6811C /* TextFieldReturnNextResponderDelegate.swift */,
				FD38B33C257BE87F0016311E /* WeatherAPI.swift */,
				FD316D2B255FF2CA00872EFB /* LocationManager.swift */,
				FDCF04E7257D068B00FEA48D /* MetadataPublishers.swift */,
			);
			path = Helpers;
			sourceTree = "<group>";
		};
		FD4BFE6B2579875800F0750F /* ViewControllers */ = {
			isa = PBXGroup;
			children = (
				FDE9713E2557080A002B911A /* MapViewController.swift */,
				FD2148A8256067350005AD0D /* TabBarViewController.swift */,
				FDEE7AB82556B97000532653 /* EntryViewController.swift */,
			);
			path = ViewControllers;
			sourceTree = "<group>";
		};
		FD533A03257ECD1100666455 /* Convenience */ = {
			isa = PBXGroup;
			children = (
				FD36F449257EC5B300123FFB /* env.swift */,
				FD44A5C2258E0C84004E3B2B /* UIApplication+keyController.swift */,
			);
			path = Convenience;
			sourceTree = "<group>";
		};
		FD5DBED1257999DC00FB9D26 /* Views */ = {
			isa = PBXGroup;
			children = (
				FDF91A81257E73F700367314 /* Components */,
				FD5DBED2257999E700FB9D26 /* EntryView.swift */,
				FDFC024C257B897F003A52EB /* SettingsView.swift */,
				FD44A5C7258E113C004E3B2B /* AuthRetryButton.swift */,
			);
			path = Views;
			sourceTree = "<group>";
		};
		FDEE7AA82556B97000532653 = {
			isa = PBXGroup;
			children = (
				FDF91A7C257E734200367314 /* LICENSE */,
				FDEE7AB32556B97000532653 /* Daily */,
				FDEE7ACA2556B97300532653 /* DailyTests */,
				FDEE7AD52556B97300532653 /* DailyUITests */,
				FDEE7AB22556B97000532653 /* Products */,
			);
			sourceTree = "<group>";
		};
		FDEE7AB22556B97000532653 /* Products */ = {
			isa = PBXGroup;
			children = (
				FDEE7AB12556B97000532653 /* Daily.app */,
				FDEE7AC72556B97300532653 /* DailyTests.xctest */,
				FDEE7AD22556B97300532653 /* DailyUITests.xctest */,
			);
			name = Products;
			sourceTree = "<group>";
		};
		FDEE7AB32556B97000532653 /* Daily */ = {
			isa = PBXGroup;
			children = (
				FD533A03257ECD1100666455 /* Convenience */,
				FD0D1334257E6F1D005FF4EA /* Models */,
				FDFC0230257B865C003A52EB /* Extensions */,
				FD2CE621257AE8DC00B7CB1F /* Providers */,
				FD2D500E257AD1A700A6811C /* Helpers */,
				FD5DBED1257999DC00FB9D26 /* Views */,
				FD4BFE6B2579875800F0750F /* ViewControllers */,
				FDEE7AB42556B97000532653 /* AppDelegate.swift */,
				FD316D30256005D000872EFB /* LockingDelegate.swift */,
				FD2148B025606E560005AD0D /* SceneDelegate.swift */,
				FDEE7ABD2556B97300532653 /* Assets.xcassets */,
				FDEE7ABF2556B97300532653 /* LaunchScreen.storyboard */,
				FDEE7AC22556B97300532653 /* Info.plist */,
			);
			path = Daily;
			sourceTree = "<group>";
		};
		FDEE7ACA2556B97300532653 /* DailyTests */ = {
			isa = PBXGroup;
			children = (
				FDEE7ACB2556B97300532653 /* DailyTests.swift */,
				FDEE7ACD2556B97300532653 /* Info.plist */,
			);
			path = DailyTests;
			sourceTree = "<group>";
		};
		FDEE7AD52556B97300532653 /* DailyUITests */ = {
			isa = PBXGroup;
			children = (
				FDEE7AD62556B97300532653 /* DailyUITests.swift */,
				FDEE7AD82556B97300532653 /* Info.plist */,
			);
			path = DailyUITests;
			sourceTree = "<group>";
		};
		FDF91A81257E73F700367314 /* Components */ = {
			isa = PBXGroup;
			children = (
				FDF91A82257E740E00367314 /* TextView.swift */,
				FD36F43C257E74CB00123FFB /* LicenseView.swift */,
				FD36F441257E89A100123FFB /* SelectableListItemView.swift */,
				FDFEA1A9258E5E9600EF3EA1 /* SubtitleTableViewCell.swift */,
				FDFEA1AE258E5EAC00EF3EA1 /* ClusterAnnotationView.swift */,
				FDFEA1B3258E5EC200EF3EA1 /* AutoclusteringAnnotationView.swift */,
				FDFEA1B8258E5ED900EF3EA1 /* EntryAnnotation.swift */,
			);
			path = Components;
			sourceTree = "<group>";
		};
		FDFC0230257B865C003A52EB /* Extensions */ = {
			isa = PBXGroup;
			children = (
				FDFC0231257B866E003A52EB /* UIView+screenshot.swift */,
				FD38B337257BD0D10016311E /* CLPlacemark+String.swift */,
				FDCF04D7257C31D000FEA48D /* CLGeocoder+Future.swift */,
				FD5DBECC2579936A00FB9D26 /* UIDatePicker+Stylize.swift */,
				FD0D132F257E6656005FF4EA /* Calendar+Range.swift */,
				FDF91A6F257E702E00367314 /* UIViewController+Tab.swift */,
				FD44A5D5258E1517004E3B2B /* BoolBinding.swift */,
				FDFEA1A4258E5E7500EF3EA1 /* CLLocationCoordinate2D+distance.swift */,
			);
			path = Extensions;
			sourceTree = "<group>";
		};
/* End PBXGroup section */

/* Begin PBXNativeTarget section */
		FDEE7AB02556B97000532653 /* Daily */ = {
			isa = PBXNativeTarget;
			buildConfigurationList = FDEE7ADB2556B97300532653 /* Build configuration list for PBXNativeTarget "Daily" */;
			buildPhases = (
				FDEE7AAD2556B97000532653 /* Sources */,
				FDEE7AAE2556B97000532653 /* Frameworks */,
				FDEE7AAF2556B97000532653 /* Resources */,
			);
			buildRules = (
			);
			dependencies = (
			);
			name = Daily;
			packageProductDependencies = (
			);
			productName = Daily;
			productReference = FDEE7AB12556B97000532653 /* Daily.app */;
			productType = "com.apple.product-type.application";
		};
		FDEE7AC62556B97300532653 /* DailyTests */ = {
			isa = PBXNativeTarget;
			buildConfigurationList = FDEE7ADE2556B97300532653 /* Build configuration list for PBXNativeTarget "DailyTests" */;
			buildPhases = (
				FDEE7AC32556B97300532653 /* Sources */,
				FDEE7AC42556B97300532653 /* Frameworks */,
				FDEE7AC52556B97300532653 /* Resources */,
			);
			buildRules = (
			);
			dependencies = (
				FDEE7AC92556B97300532653 /* PBXTargetDependency */,
			);
			name = DailyTests;
			productName = DailyTests;
			productReference = FDEE7AC72556B97300532653 /* DailyTests.xctest */;
			productType = "com.apple.product-type.bundle.unit-test";
		};
		FDEE7AD12556B97300532653 /* DailyUITests */ = {
			isa = PBXNativeTarget;
			buildConfigurationList = FDEE7AE12556B97300532653 /* Build configuration list for PBXNativeTarget "DailyUITests" */;
			buildPhases = (
				FDEE7ACE2556B97300532653 /* Sources */,
				FDEE7ACF2556B97300532653 /* Frameworks */,
				FDEE7AD02556B97300532653 /* Resources */,
			);
			buildRules = (
			);
			dependencies = (
				FDEE7AD42556B97300532653 /* PBXTargetDependency */,
			);
			name = DailyUITests;
			productName = DailyUITests;
			productReference = FDEE7AD22556B97300532653 /* DailyUITests.xctest */;
			productType = "com.apple.product-type.bundle.ui-testing";
		};
/* End PBXNativeTarget section */

/* Begin PBXProject section */
		FDEE7AA92556B97000532653 /* Project object */ = {
			isa = PBXProject;
			attributes = {
				LastSwiftUpdateCheck = 1210;
				LastUpgradeCheck = 1210;
				TargetAttributes = {
					FDEE7AB02556B97000532653 = {
						CreatedOnToolsVersion = 12.1;
					};
					FDEE7AC62556B97300532653 = {
						CreatedOnToolsVersion = 12.1;
						TestTargetID = FDEE7AB02556B97000532653;
					};
					FDEE7AD12556B97300532653 = {
						CreatedOnToolsVersion = 12.1;
						TestTargetID = FDEE7AB02556B97000532653;
					};
				};
			};
			buildConfigurationList = FDEE7AAC2556B97000532653 /* Build configuration list for PBXProject "Daily" */;
			compatibilityVersion = "Xcode 9.3";
			developmentRegion = en;
			hasScannedForEncodings = 0;
			knownRegions = (
				en,
				Base,
			);
			mainGroup = FDEE7AA82556B97000532653;
			packageReferences = (
			);
			productRefGroup = FDEE7AB22556B97000532653 /* Products */;
			projectDirPath = "";
			projectRoot = "";
			targets = (
				FDEE7AB02556B97000532653 /* Daily */,
				FDEE7AC62556B97300532653 /* DailyTests */,
				FDEE7AD12556B97300532653 /* DailyUITests */,
			);
		};
/* End PBXProject section */

/* Begin PBXResourcesBuildPhase section */
		FDEE7AAF2556B97000532653 /* Resources */ = {
			isa = PBXResourcesBuildPhase;
			buildActionMask = 2147483647;
			files = (
				FDF91A7D257E734200367314 /* LICENSE in Resources */,
				FDEE7AC12556B97300532653 /* LaunchScreen.storyboard in Resources */,
				FDEE7ABE2556B97300532653 /* Assets.xcassets in Resources */,
			);
			runOnlyForDeploymentPostprocessing = 0;
		};
		FDEE7AC52556B97300532653 /* Resources */ = {
			isa = PBXResourcesBuildPhase;
			buildActionMask = 2147483647;
			files = (
			);
			runOnlyForDeploymentPostprocessing = 0;
		};
		FDEE7AD02556B97300532653 /* Resources */ = {
			isa = PBXResourcesBuildPhase;
			buildActionMask = 2147483647;
			files = (
			);
			runOnlyForDeploymentPostprocessing = 0;
		};
/* End PBXResourcesBuildPhase section */

/* Begin PBXSourcesBuildPhase section */
		FDEE7AAD2556B97000532653 /* Sources */ = {
			isa = PBXSourcesBuildPhase;
			buildActionMask = 2147483647;
			files = (
				FD44A5C3258E0C84004E3B2B /* UIApplication+keyController.swift in Sources */,
				FD38B338257BD0D10016311E /* CLPlacemark+String.swift in Sources */,
				FD095B7D255E830700CDCDBB /* Entry.swift in Sources */,
				FDF91A70257E702E00367314 /* UIViewController+Tab.swift in Sources */,
				FD2D5013257AD1E000A6811C /* TextViewAutoplaceholderDelegate.swift in Sources */,
				FDFEA1B9258E5ED900EF3EA1 /* EntryAnnotation.swift in Sources */,
				FD2148A9256067350005AD0D /* TabBarViewController.swift in Sources */,
				FD0D1330257E6656005FF4EA /* Calendar+Range.swift in Sources */,
				FDAD4F3E2577A24100C8CF83 /* Daily.xcdatamodeld in Sources */,
				FD36F442257E89A100123FFB /* SelectableListItemView.swift in Sources */,
				FDFEA1A5258E5E7500EF3EA1 /* CLLocationCoordinate2D+distance.swift in Sources */,
				FD5DBECD2579936A00FB9D26 /* UIDatePicker+Stylize.swift in Sources */,
				FDA3389D2577BB2F00C2A21C /* CoreDataManager.swift in Sources */,
				FDFEA1AF258E5EAC00EF3EA1 /* ClusterAnnotationView.swift in Sources */,
				FD2CE623257AE8F200B7CB1F /* CoreDataEntryProvider.swift in Sources */,
				FDFEA1AA258E5E9600EF3EA1 /* SubtitleTableViewCell.swift in Sources */,
				FD44A5D6258E1517004E3B2B /* BoolBinding.swift in Sources */,
				FD84AA912571422E00C046E4 /* MockEntryProvider.swift in Sources */,
				FDFC024D257B897F003A52EB /* SettingsView.swift in Sources */,
				FDFC0232257B866E003A52EB /* UIView+screenshot.swift in Sources */,
				FDCF04E8257D068B00FEA48D /* MetadataPublishers.swift in Sources */,
				FD2D501B257AD21900A6811C /* TextFieldReturnNextResponderDelegate.swift in Sources */,
				FD36F44A257EC5B300123FFB /* env.swift in Sources */,
				FD36F43D257E74CB00123FFB /* LicenseView.swift in Sources */,
				FDEE7AB92556B97000532653 /* EntryViewController.swift in Sources */,
				FDFEA1B4258E5EC200EF3EA1 /* AutoclusteringAnnotationView.swift in Sources */,
				FDEE7AB52556B97000532653 /* AppDelegate.swift in Sources */,
				FD44A5C8258E113C004E3B2B /* AuthRetryButton.swift in Sources */,
				FDF91A83257E740E00367314 /* TextView.swift in Sources */,
				FDCF04D8257C31D000FEA48D /* CLGeocoder+Future.swift in Sources */,
				FD2148B125606E560005AD0D /* SceneDelegate.swift in Sources */,
				FD316D31256005D000872EFB /* LockingDelegate.swift in Sources */,
				FD38B33D257BE87F0016311E /* WeatherAPI.swift in Sources */,
				FDE9713F2557080A002B911A /* MapViewController.swift in Sources */,
				FD84AA8C25713EF100C046E4 /* EntryProvider.swift in Sources */,
				FD316D2C255FF2CA00872EFB /* LocationManager.swift in Sources */,
				FD5DBED3257999E700FB9D26 /* EntryView.swift in Sources */,
			);
			runOnlyForDeploymentPostprocessing = 0;
		};
		FDEE7AC32556B97300532653 /* Sources */ = {
			isa = PBXSourcesBuildPhase;
			buildActionMask = 2147483647;
			files = (
				FDEE7ACC2556B97300532653 /* DailyTests.swift in Sources */,
			);
			runOnlyForDeploymentPostprocessing = 0;
		};
		FDEE7ACE2556B97300532653 /* Sources */ = {
			isa = PBXSourcesBuildPhase;
			buildActionMask = 2147483647;
			files = (
				FDEE7AD72556B97300532653 /* DailyUITests.swift in Sources */,
			);
			runOnlyForDeploymentPostprocessing = 0;
		};
/* End PBXSourcesBuildPhase section */

/* Begin PBXTargetDependency section */
		FDEE7AC92556B97300532653 /* PBXTargetDependency */ = {
			isa = PBXTargetDependency;
			target = FDEE7AB02556B97000532653 /* Daily */;
			targetProxy = FDEE7AC82556B97300532653 /* PBXContainerItemProxy */;
		};
		FDEE7AD42556B97300532653 /* PBXTargetDependency */ = {
			isa = PBXTargetDependency;
			target = FDEE7AB02556B97000532653 /* Daily */;
			targetProxy = FDEE7AD32556B97300532653 /* PBXContainerItemProxy */;
		};
/* End PBXTargetDependency section */

/* Begin PBXVariantGroup section */
		FDEE7ABF2556B97300532653 /* LaunchScreen.storyboard */ = {
			isa = PBXVariantGroup;
			children = (
				FDEE7AC02556B97300532653 /* Base */,
			);
			name = LaunchScreen.storyboard;
			sourceTree = "<group>";
		};
/* End PBXVariantGroup section */

/* Begin XCBuildConfiguration section */
		FDEE7AD92556B97300532653 /* Debug */ = {
			isa = XCBuildConfiguration;
			buildSettings = {
				ALWAYS_SEARCH_USER_PATHS = NO;
				CLANG_ANALYZER_NONNULL = YES;
				CLANG_ANALYZER_NUMBER_OBJECT_CONVERSION = YES_AGGRESSIVE;
				CLANG_CXX_LANGUAGE_STANDARD = "gnu++14";
				CLANG_CXX_LIBRARY = "libc++";
				CLANG_ENABLE_MODULES = YES;
				CLANG_ENABLE_OBJC_ARC = YES;
				CLANG_ENABLE_OBJC_WEAK = YES;
				CLANG_WARN_BLOCK_CAPTURE_AUTORELEASING = YES;
				CLANG_WARN_BOOL_CONVERSION = YES;
				CLANG_WARN_COMMA = YES;
				CLANG_WARN_CONSTANT_CONVERSION = YES;
				CLANG_WARN_DEPRECATED_OBJC_IMPLEMENTATIONS = YES;
				CLANG_WARN_DIRECT_OBJC_ISA_USAGE = YES_ERROR;
				CLANG_WARN_DOCUMENTATION_COMMENTS = YES;
				CLANG_WARN_EMPTY_BODY = YES;
				CLANG_WARN_ENUM_CONVERSION = YES;
				CLANG_WARN_INFINITE_RECURSION = YES;
				CLANG_WARN_INT_CONVERSION = YES;
				CLANG_WARN_NON_LITERAL_NULL_CONVERSION = YES;
				CLANG_WARN_OBJC_IMPLICIT_RETAIN_SELF = YES;
				CLANG_WARN_OBJC_LITERAL_CONVERSION = YES;
				CLANG_WARN_OBJC_ROOT_CLASS = YES_ERROR;
				CLANG_WARN_QUOTED_INCLUDE_IN_FRAMEWORK_HEADER = YES;
				CLANG_WARN_RANGE_LOOP_ANALYSIS = YES;
				CLANG_WARN_STRICT_PROTOTYPES = YES;
				CLANG_WARN_SUSPICIOUS_MOVE = YES;
				CLANG_WARN_UNGUARDED_AVAILABILITY = YES_AGGRESSIVE;
				CLANG_WARN_UNREACHABLE_CODE = YES;
				CLANG_WARN__DUPLICATE_METHOD_MATCH = YES;
				COPY_PHASE_STRIP = NO;
				DEBUG_INFORMATION_FORMAT = dwarf;
				ENABLE_STRICT_OBJC_MSGSEND = YES;
				ENABLE_TESTABILITY = YES;
				GCC_C_LANGUAGE_STANDARD = gnu11;
				GCC_DYNAMIC_NO_PIC = NO;
				GCC_NO_COMMON_BLOCKS = YES;
				GCC_OPTIMIZATION_LEVEL = 0;
				GCC_PREPROCESSOR_DEFINITIONS = (
					"DEBUG=1",
					"$(inherited)",
				);
				GCC_WARN_64_TO_32_BIT_CONVERSION = YES;
				GCC_WARN_ABOUT_RETURN_TYPE = YES_ERROR;
				GCC_WARN_UNDECLARED_SELECTOR = YES;
				GCC_WARN_UNINITIALIZED_AUTOS = YES_AGGRESSIVE;
				GCC_WARN_UNUSED_FUNCTION = YES;
				GCC_WARN_UNUSED_VARIABLE = YES;
				IPHONEOS_DEPLOYMENT_TARGET = 14.1;
				MTL_ENABLE_DEBUG_INFO = INCLUDE_SOURCE;
				MTL_FAST_MATH = YES;
				ONLY_ACTIVE_ARCH = YES;
				SDKROOT = iphoneos;
				SWIFT_ACTIVE_COMPILATION_CONDITIONS = DEBUG;
				SWIFT_OPTIMIZATION_LEVEL = "-Onone";
			};
			name = Debug;
		};
		FDEE7ADA2556B97300532653 /* Release */ = {
			isa = XCBuildConfiguration;
			buildSettings = {
				ALWAYS_SEARCH_USER_PATHS = NO;
				CLANG_ANALYZER_NONNULL = YES;
				CLANG_ANALYZER_NUMBER_OBJECT_CONVERSION = YES_AGGRESSIVE;
				CLANG_CXX_LANGUAGE_STANDARD = "gnu++14";
				CLANG_CXX_LIBRARY = "libc++";
				CLANG_ENABLE_MODULES = YES;
				CLANG_ENABLE_OBJC_ARC = YES;
				CLANG_ENABLE_OBJC_WEAK = YES;
				CLANG_WARN_BLOCK_CAPTURE_AUTORELEASING = YES;
				CLANG_WARN_BOOL_CONVERSION = YES;
				CLANG_WARN_COMMA = YES;
				CLANG_WARN_CONSTANT_CONVERSION = YES;
				CLANG_WARN_DEPRECATED_OBJC_IMPLEMENTATIONS = YES;
				CLANG_WARN_DIRECT_OBJC_ISA_USAGE = YES_ERROR;
				CLANG_WARN_DOCUMENTATION_COMMENTS = YES;
				CLANG_WARN_EMPTY_BODY = YES;
				CLANG_WARN_ENUM_CONVERSION = YES;
				CLANG_WARN_INFINITE_RECURSION = YES;
				CLANG_WARN_INT_CONVERSION = YES;
				CLANG_WARN_NON_LITERAL_NULL_CONVERSION = YES;
				CLANG_WARN_OBJC_IMPLICIT_RETAIN_SELF = YES;
				CLANG_WARN_OBJC_LITERAL_CONVERSION = YES;
				CLANG_WARN_OBJC_ROOT_CLASS = YES_ERROR;
				CLANG_WARN_QUOTED_INCLUDE_IN_FRAMEWORK_HEADER = YES;
				CLANG_WARN_RANGE_LOOP_ANALYSIS = YES;
				CLANG_WARN_STRICT_PROTOTYPES = YES;
				CLANG_WARN_SUSPICIOUS_MOVE = YES;
				CLANG_WARN_UNGUARDED_AVAILABILITY = YES_AGGRESSIVE;
				CLANG_WARN_UNREACHABLE_CODE = YES;
				CLANG_WARN__DUPLICATE_METHOD_MATCH = YES;
				COPY_PHASE_STRIP = NO;
				DEBUG_INFORMATION_FORMAT = "dwarf-with-dsym";
				ENABLE_NS_ASSERTIONS = NO;
				ENABLE_STRICT_OBJC_MSGSEND = YES;
				GCC_C_LANGUAGE_STANDARD = gnu11;
				GCC_NO_COMMON_BLOCKS = YES;
				GCC_WARN_64_TO_32_BIT_CONVERSION = YES;
				GCC_WARN_ABOUT_RETURN_TYPE = YES_ERROR;
				GCC_WARN_UNDECLARED_SELECTOR = YES;
				GCC_WARN_UNINITIALIZED_AUTOS = YES_AGGRESSIVE;
				GCC_WARN_UNUSED_FUNCTION = YES;
				GCC_WARN_UNUSED_VARIABLE = YES;
				IPHONEOS_DEPLOYMENT_TARGET = 14.1;
				MTL_ENABLE_DEBUG_INFO = NO;
				MTL_FAST_MATH = YES;
				SDKROOT = iphoneos;
				SWIFT_COMPILATION_MODE = wholemodule;
				SWIFT_OPTIMIZATION_LEVEL = "-O";
				VALIDATE_PRODUCT = YES;
			};
			name = Release;
		};
		FDEE7ADC2556B97300532653 /* Debug */ = {
			isa = XCBuildConfiguration;
			buildSettings = {
				ASSETCATALOG_COMPILER_APPICON_NAME = AppIcon;
				ASSETCATALOG_COMPILER_GLOBAL_ACCENT_COLOR_NAME = AccentColor;
				CODE_SIGN_STYLE = Automatic;
				INFOPLIST_FILE = Daily/Info.plist;
				LD_RUNPATH_SEARCH_PATHS = (
					"$(inherited)",
					"@executable_path/Frameworks",
				);
				PRODUCT_BUNDLE_IDENTIFIER = com.ds.Daily;
				PRODUCT_NAME = "$(TARGET_NAME)";
				SUPPORTS_MACCATALYST = NO;
				SWIFT_VERSION = 5.0;
				TARGETED_DEVICE_FAMILY = "1,2";
			};
			name = Debug;
		};
		FDEE7ADD2556B97300532653 /* Release */ = {
			isa = XCBuildConfiguration;
			buildSettings = {
				ASSETCATALOG_COMPILER_APPICON_NAME = AppIcon;
				ASSETCATALOG_COMPILER_GLOBAL_ACCENT_COLOR_NAME = AccentColor;
				CODE_SIGN_STYLE = Automatic;
				INFOPLIST_FILE = Daily/Info.plist;
				LD_RUNPATH_SEARCH_PATHS = (
					"$(inherited)",
					"@executable_path/Frameworks",
				);
				PRODUCT_BUNDLE_IDENTIFIER = com.ds.Daily;
				PRODUCT_NAME = "$(TARGET_NAME)";
				SUPPORTS_MACCATALYST = NO;
				SWIFT_VERSION = 5.0;
				TARGETED_DEVICE_FAMILY = "1,2";
			};
			name = Release;
		};
		FDEE7ADF2556B97300532653 /* Debug */ = {
			isa = XCBuildConfiguration;
			buildSettings = {
				ALWAYS_EMBED_SWIFT_STANDARD_LIBRARIES = YES;
				BUNDLE_LOADER = "$(TEST_HOST)";
				CODE_SIGN_STYLE = Automatic;
				INFOPLIST_FILE = DailyTests/Info.plist;
				IPHONEOS_DEPLOYMENT_TARGET = 14.1;
				LD_RUNPATH_SEARCH_PATHS = (
					"$(inherited)",
					"@executable_path/Frameworks",
					"@loader_path/Frameworks",
				);
				PRODUCT_BUNDLE_IDENTIFIER = com.ds.DailyTests;
				PRODUCT_NAME = "$(TARGET_NAME)";
				SWIFT_VERSION = 5.0;
				TARGETED_DEVICE_FAMILY = "1,2";
				TEST_HOST = "$(BUILT_PRODUCTS_DIR)/Daily.app/Daily";
			};
			name = Debug;
		};
		FDEE7AE02556B97300532653 /* Release */ = {
			isa = XCBuildConfiguration;
			buildSettings = {
				ALWAYS_EMBED_SWIFT_STANDARD_LIBRARIES = YES;
				BUNDLE_LOADER = "$(TEST_HOST)";
				CODE_SIGN_STYLE = Automatic;
				INFOPLIST_FILE = DailyTests/Info.plist;
				IPHONEOS_DEPLOYMENT_TARGET = 14.1;
				LD_RUNPATH_SEARCH_PATHS = (
					"$(inherited)",
					"@executable_path/Frameworks",
					"@loader_path/Frameworks",
				);
				PRODUCT_BUNDLE_IDENTIFIER = com.ds.DailyTests;
				PRODUCT_NAME = "$(TARGET_NAME)";
				SWIFT_VERSION = 5.0;
				TARGETED_DEVICE_FAMILY = "1,2";
				TEST_HOST = "$(BUILT_PRODUCTS_DIR)/Daily.app/Daily";
			};
			name = Release;
		};
		FDEE7AE22556B97300532653 /* Debug */ = {
			isa = XCBuildConfiguration;
			buildSettings = {
				ALWAYS_EMBED_SWIFT_STANDARD_LIBRARIES = YES;
				CODE_SIGN_STYLE = Automatic;
				INFOPLIST_FILE = DailyUITests/Info.plist;
				LD_RUNPATH_SEARCH_PATHS = (
					"$(inherited)",
					"@executable_path/Frameworks",
					"@loader_path/Frameworks",
				);
				PRODUCT_BUNDLE_IDENTIFIER = com.ds.DailyUITests;
				PRODUCT_NAME = "$(TARGET_NAME)";
				SWIFT_VERSION = 5.0;
				TARGETED_DEVICE_FAMILY = "1,2";
				TEST_TARGET_NAME = Daily;
			};
			name = Debug;
		};
		FDEE7AE32556B97300532653 /* Release */ = {
			isa = XCBuildConfiguration;
			buildSettings = {
				ALWAYS_EMBED_SWIFT_STANDARD_LIBRARIES = YES;
				CODE_SIGN_STYLE = Automatic;
				INFOPLIST_FILE = DailyUITests/Info.plist;
				LD_RUNPATH_SEARCH_PATHS = (
					"$(inherited)",
					"@executable_path/Frameworks",
					"@loader_path/Frameworks",
				);
				PRODUCT_BUNDLE_IDENTIFIER = com.ds.DailyUITests;
				PRODUCT_NAME = "$(TARGET_NAME)";
				SWIFT_VERSION = 5.0;
				TARGETED_DEVICE_FAMILY = "1,2";
				TEST_TARGET_NAME = Daily;
			};
			name = Release;
		};
/* End XCBuildConfiguration section */

/* Begin XCConfigurationList section */
		FDEE7AAC2556B97000532653 /* Build configuration list for PBXProject "Daily" */ = {
			isa = XCConfigurationList;
			buildConfigurations = (
				FDEE7AD92556B97300532653 /* Debug */,
				FDEE7ADA2556B97300532653 /* Release */,
			);
			defaultConfigurationIsVisible = 0;
			defaultConfigurationName = Release;
		};
		FDEE7ADB2556B97300532653 /* Build configuration list for PBXNativeTarget "Daily" */ = {
			isa = XCConfigurationList;
			buildConfigurations = (
				FDEE7ADC2556B97300532653 /* Debug */,
				FDEE7ADD2556B97300532653 /* Release */,
			);
			defaultConfigurationIsVisible = 0;
			defaultConfigurationName = Release;
		};
		FDEE7ADE2556B97300532653 /* Build configuration list for PBXNativeTarget "DailyTests" */ = {
			isa = XCConfigurationList;
			buildConfigurations = (
				FDEE7ADF2556B97300532653 /* Debug */,
				FDEE7AE02556B97300532653 /* Release */,
			);
			defaultConfigurationIsVisible = 0;
			defaultConfigurationName = Release;
		};
		FDEE7AE12556B97300532653 /* Build configuration list for PBXNativeTarget "DailyUITests" */ = {
			isa = XCConfigurationList;
			buildConfigurations = (
				FDEE7AE22556B97300532653 /* Debug */,
				FDEE7AE32556B97300532653 /* Release */,
			);
			defaultConfigurationIsVisible = 0;
			defaultConfigurationName = Release;
		};
/* End XCConfigurationList section */

/* Begin XCVersionGroup section */
		FDAD4F3C2577A24100C8CF83 /* Daily.xcdatamodeld */ = {
			isa = XCVersionGroup;
			children = (
				FDAD4F3D2577A24100C8CF83 /* Entry.xcdatamodel */,
			);
			currentVersion = FDAD4F3D2577A24100C8CF83 /* Entry.xcdatamodel */;
			path = Daily.xcdatamodeld;
			sourceTree = "<group>";
			versionGroupType = wrapper.xcdatamodel;
		};
/* End XCVersionGroup section */
	};
	rootObject = FDEE7AA92556B97000532653 /* Project object */;
}
