// !$*UTF8*$!
{
	archiveVersion = 1;
	classes = {
	};
	objectVersion = 50;
	objects = {

/* Begin PBXBuildFile section */
		FDEE7AB52556B97000532653 /* AppDelegate.swift in Sources */ = {isa = PBXBuildFile; fileRef = FDEE7AB42556B97000532653 /* AppDelegate.swift */; };
		FDEE7AB72556B97000532653 /* SceneDelegate.swift in Sources */ = {isa = PBXBuildFile; fileRef = FDEE7AB62556B97000532653 /* SceneDelegate.swift */; };
		FDEE7AB92556B97000532653 /* ViewController.swift in Sources */ = {isa = PBXBuildFile; fileRef = FDEE7AB82556B97000532653 /* ViewController.swift */; };
		FDEE7ABC2556B97000532653 /* Main.storyboard in Resources */ = {isa = PBXBuildFile; fileRef = FDEE7ABA2556B97000532653 /* Main.storyboard */; };
		FDEE7ABE2556B97300532653 /* Assets.xcassets in Resources */ = {isa = PBXBuildFile; fileRef = FDEE7ABD2556B97300532653 /* Assets.xcassets */; };
		FDEE7AC12556B97300532653 /* LaunchScreen.storyboard in Resources */ = {isa = PBXBuildFile; fileRef = FDEE7ABF2556B97300532653 /* LaunchScreen.storyboard */; };
		FDEE7ACC2556B97300532653 /* DailyTests.swift in Sources */ = {isa = PBXBuildFile; fileRef = FDEE7ACB2556B97300532653 /* DailyTests.swift */; };
		FDEE7AD72556B97300532653 /* DailyUITests.swift in Sources */ = {isa = PBXBuildFile; fileRef = FDEE7AD62556B97300532653 /* DailyUITests.swift */; };
/* End PBXBuildFile section */

/* Begin PBXContainerItemProxy section */
		FDEE7AC82556B97300532653 /* PBXContainerItemProxy */ = {
			isa = PBXContainerItemProxy;
			containerPortal = FDEE7AA92556B97000532653 /* Project object */;
			proxyType = 1;
			remoteGlobalIDString = FDEE7AB02556B97000532653;
			remoteInfo = Daily;
		};
		FDEE7AD32556B97300532653 /* PBXContainerItemProxy */ = {
			isa = PBXContainerItemProxy;
			containerPortal = FDEE7AA92556B97000532653 /* Project object */;
			proxyType = 1;
			remoteGlobalIDString = FDEE7AB02556B97000532653;
			remoteInfo = Daily;
		};
/* End PBXContainerItemProxy section */

/* Begin PBXFileReference section */
		FDEE7AB12556B97000532653 /* Daily.app */ = {isa = PBXFileReference; explicitFileType = wrapper.application; includeInIndex = 0; path = Daily.app; sourceTree = BUILT_PRODUCTS_DIR; };
		FDEE7AB42556B97000532653 /* AppDelegate.swift */ = {isa = PBXFileReference; lastKnownFileType = sourcecode.swift; path = AppDelegate.swift; sourceTree = "<group>"; };
		FDEE7AB62556B97000532653 /* SceneDelegate.swift */ = {isa = PBXFileReference; lastKnownFileType = sourcecode.swift; path = SceneDelegate.swift; sourceTree = "<group>"; };
		FDEE7AB82556B97000532653 /* ViewController.swift */ = {isa = PBXFileReference; lastKnownFileType = sourcecode.swift; path = ViewController.swift; sourceTree = "<group>"; };
		FDEE7ABB2556B97000532653 /* Base */ = {isa = PBXFileReference; lastKnownFileType = file.storyboard; name = Base; path = Base.lproj/Main.storyboard; sourceTree = "<group>"; };
		FDEE7ABD2556B97300532653 /* Assets.xcassets */ = {isa = PBXFileReference; lastKnownFileType = folder.assetcatalog; path = Assets.xcassets; sourceTree = "<group>"; };
		FDEE7AC02556B97300532653 /* Base */ = {isa = PBXFileReference; lastKnownFileType = file.storyboard; name = Base; path = Base.lproj/LaunchScreen.storyboard; sourceTree = "<group>"; };
		FDEE7AC22556B97300532653 /* Info.plist */ = {isa = PBXFileReference; lastKnownFileType = text.plist.xml; path = Info.plist; sourceTree = "<group>"; };
		FDEE7AC72556B97300532653 /* DailyTests.xctest */ = {isa = PBXFileReference; explicitFileType = wrapper.cfbundle; includeInIndex = 0; path = DailyTests.xctest; sourceTree = BUILT_PRODUCTS_DIR; };
		FDEE7ACB2556B97300532653 /* DailyTests.swift */ = {isa = PBXFileReference; lastKnownFileType = sourcecode.swift; path = DailyTests.swift; sourceTree = "<group>"; };
		FDEE7ACD2556B97300532653 /* Info.plist */ = {isa = PBXFileReference; lastKnownFileType = text.plist.xml; path = Info.plist; sourceTree = "<group>"; };
		FDEE7AD22556B97300532653 /* DailyUITests.xctest */ = {isa = PBXFileReference; explicitFileType = wrapper.cfbundle; includeInIndex = 0; path = DailyUITests.xctest; sourceTree = BUILT_PRODUCTS_DIR; };
		FDEE7AD62556B97300532653 /* DailyUITests.swift */ = {isa = PBXFileReference; lastKnownFileType = sourcecode.swift; path = DailyUITests.swift; sourceTree = "<group>"; };
		FDEE7AD82556B97300532653 /* Info.plist */ = {isa = PBXFileReference; lastKnownFileType = text.plist.xml; path = Info.plist; sourceTree = "<group>"; };
/* End PBXFileReference section */

/* Begin PBXFrameworksBuildPhase section */
		FDEE7AAE2556B97000532653 /* Frameworks */ = {
			isa = PBXFrameworksBuildPhase;
			buildActionMask = 2147483647;
			files = (
			);
			runOnlyForDeploymentPostprocessing = 0;
		};
		FDEE7AC42556B97300532653 /* Frameworks */ = {
			isa = PBXFrameworksBuildPhase;
			buildActionMask = 2147483647;
			files = (
			);
			runOnlyForDeploymentPostprocessing = 0;
		};
		FDEE7ACF2556B97300532653 /* Frameworks */ = {
			isa = PBXFrameworksBuildPhase;
			buildActionMask = 2147483647;
			files = (
			);
			runOnlyForDeploymentPostprocessing = 0;
		};
/* End PBXFrameworksBuildPhase section */

/* Begin PBXGroup section */
		FDEE7AA82556B97000532653 = {
			isa = PBXGroup;
			children = (
				FDEE7AB32556B97000532653 /* Daily */,
				FDEE7ACA2556B97300532653 /* DailyTests */,
				FDEE7AD52556B97300532653 /* DailyUITests */,
				FDEE7AB22556B97000532653 /* Products */,
			);
			sourceTree = "<group>";
		};
		FDEE7AB22556B97000532653 /* Products */ = {
			isa = PBXGroup;
			children = (
				FDEE7AB12556B97000532653 /* Daily.app */,
				FDEE7AC72556B97300532653 /* DailyTests.xctest */,
				FDEE7AD22556B97300532653 /* DailyUITests.xctest */,
			);
			name = Products;
			sourceTree = "<group>";
		};
		FDEE7AB32556B97000532653 /* Daily */ = {
			isa = PBXGroup;
			children = (
				FDEE7AB42556B97000532653 /* AppDelegate.swift */,
				FDEE7AB62556B97000532653 /* SceneDelegate.swift */,
				FDEE7AB82556B97000532653 /* ViewController.swift */,
				FDEE7ABA2556B97000532653 /* Main.storyboard */,
				FDEE7ABD2556B97300532653 /* Assets.xcassets */,
				FDEE7ABF2556B97300532653 /* LaunchScreen.storyboard */,
				FDEE7AC22556B97300532653 /* Info.plist */,
			);
			path = Daily;
			sourceTree = "<group>";
		};
		FDEE7ACA2556B97300532653 /* DailyTests */ = {
			isa = PBXGroup;
			children = (
				FDEE7ACB2556B97300532653 /* DailyTests.swift */,
				FDEE7ACD2556B97300532653 /* Info.plist */,
			);
			path = DailyTests;
			sourceTree = "<group>";
		};
		FDEE7AD52556B97300532653 /* DailyUITests */ = {
			isa = PBXGroup;
			children = (
				FDEE7AD62556B97300532653 /* DailyUITests.swift */,
				FDEE7AD82556B97300532653 /* Info.plist */,
			);
			path = DailyUITests;
			sourceTree = "<group>";
		};
/* End PBXGroup section */

/* Begin PBXNativeTarget section */
		FDEE7AB02556B97000532653 /* Daily */ = {
			isa = PBXNativeTarget;
			buildConfigurationList = FDEE7ADB2556B97300532653 /* Build configuration list for PBXNativeTarget "Daily" */;
			buildPhases = (
				FDEE7AAD2556B97000532653 /* Sources */,
				FDEE7AAE2556B97000532653 /* Frameworks */,
				FDEE7AAF2556B97000532653 /* Resources */,
			);
			buildRules = (
			);
			dependencies = (
			);
			name = Daily;
			productName = Daily;
			productReference = FDEE7AB12556B97000532653 /* Daily.app */;
			productType = "com.apple.product-type.application";
		};
		FDEE7AC62556B97300532653 /* DailyTests */ = {
			isa = PBXNativeTarget;
			buildConfigurationList = FDEE7ADE2556B97300532653 /* Build configuration list for PBXNativeTarget "DailyTests" */;
			buildPhases = (
				FDEE7AC32556B97300532653 /* Sources */,
				FDEE7AC42556B97300532653 /* Frameworks */,
				FDEE7AC52556B97300532653 /* Resources */,
			);
			buildRules = (
			);
			dependencies = (
				FDEE7AC92556B97300532653 /* PBXTargetDependency */,
			);
			name = DailyTests;
			productName = DailyTests;
			productReference = FDEE7AC72556B97300532653 /* DailyTests.xctest */;
			productType = "com.apple.product-type.bundle.unit-test";
		};
		FDEE7AD12556B97300532653 /* DailyUITests */ = {
			isa = PBXNativeTarget;
			buildConfigurationList = FDEE7AE12556B97300532653 /* Build configuration list for PBXNativeTarget "DailyUITests" */;
			buildPhases = (
				FDEE7ACE2556B97300532653 /* Sources */,
				FDEE7ACF2556B97300532653 /* Frameworks */,
				FDEE7AD02556B97300532653 /* Resources */,
			);
			buildRules = (
			);
			dependencies = (
				FDEE7AD42556B97300532653 /* PBXTargetDependency */,
			);
			name = DailyUITests;
			productName = DailyUITests;
			productReference = FDEE7AD22556B97300532653 /* DailyUITests.xctest */;
			productType = "com.apple.product-type.bundle.ui-testing";
		};
/* End PBXNativeTarget section */

/* Begin PBXProject section */
		FDEE7AA92556B97000532653 /* Project object */ = {
			isa = PBXProject;
			attributes = {
				LastSwiftUpdateCheck = 1210;
				LastUpgradeCheck = 1210;
				TargetAttributes = {
					FDEE7AB02556B97000532653 = {
						CreatedOnToolsVersion = 12.1;
					};
					FDEE7AC62556B97300532653 = {
						CreatedOnToolsVersion = 12.1;
						TestTargetID = FDEE7AB02556B97000532653;
					};
					FDEE7AD12556B97300532653 = {
						CreatedOnToolsVersion = 12.1;
						TestTargetID = FDEE7AB02556B97000532653;
					};
				};
			};
			buildConfigurationList = FDEE7AAC2556B97000532653 /* Build configuration list for PBXProject "Daily" */;
			compatibilityVersion = "Xcode 9.3";
			developmentRegion = en;
			hasScannedForEncodings = 0;
			knownRegions = (
				en,
				Base,
			);
			mainGroup = FDEE7AA82556B97000532653;
			productRefGroup = FDEE7AB22556B97000532653 /* Products */;
			projectDirPath = "";
			projectRoot = "";
			targets = (
				FDEE7AB02556B97000532653 /* Daily */,
				FDEE7AC62556B97300532653 /* DailyTests */,
				FDEE7AD12556B97300532653 /* DailyUITests */,
			);
		};
/* End PBXProject section */

/* Begin PBXResourcesBuildPhase section */
		FDEE7AAF2556B97000532653 /* Resources */ = {
			isa = PBXResourcesBuildPhase;
			buildActionMask = 2147483647;
			files = (
				FDEE7AC12556B97300532653 /* LaunchScreen.storyboard in Resources */,
				FDEE7ABE2556B97300532653 /* Assets.xcassets in Resources */,
				FDEE7ABC2556B97000532653 /* Main.storyboard in Resources */,
			);
			runOnlyForDeploymentPostprocessing = 0;
		};
		FDEE7AC52556B97300532653 /* Resources */ = {
			isa = PBXResourcesBuildPhase;
			buildActionMask = 2147483647;
			files = (
			);
			runOnlyForDeploymentPostprocessing = 0;
		};
		FDEE7AD02556B97300532653 /* Resources */ = {
			isa = PBXResourcesBuildPhase;
			buildActionMask = 2147483647;
			files = (
			);
			runOnlyForDeploymentPostprocessing = 0;
		};
/* End PBXResourcesBuildPhase section */

/* Begin PBXSourcesBuildPhase section */
		FDEE7AAD2556B97000532653 /* Sources */ = {
			isa = PBXSourcesBuildPhase;
			buildActionMask = 2147483647;
			files = (
				FDEE7AB92556B97000532653 /* ViewController.swift in Sources */,
				FDEE7AB52556B97000532653 /* AppDelegate.swift in Sources */,
				FDEE7AB72556B97000532653 /* SceneDelegate.swift in Sources */,
			);
			runOnlyForDeploymentPostprocessing = 0;
		};
		FDEE7AC32556B97300532653 /* Sources */ = {
			isa = PBXSourcesBuildPhase;
			buildActionMask = 2147483647;
			files = (
				FDEE7ACC2556B97300532653 /* DailyTests.swift in Sources */,
			);
			runOnlyForDeploymentPostprocessing = 0;
		};
		FDEE7ACE2556B97300532653 /* Sources */ = {
			isa = PBXSourcesBuildPhase;
			buildActionMask = 2147483647;
			files = (
				FDEE7AD72556B97300532653 /* DailyUITests.swift in Sources */,
			);
			runOnlyForDeploymentPostprocessing = 0;
		};
/* End PBXSourcesBuildPhase section */

/* Begin PBXTargetDependency section */
		FDEE7AC92556B97300532653 /* PBXTargetDependency */ = {
			isa = PBXTargetDependency;
			target = FDEE7AB02556B97000532653 /* Daily */;
			targetProxy = FDEE7AC82556B97300532653 /* PBXContainerItemProxy */;
		};
		FDEE7AD42556B97300532653 /* PBXTargetDependency */ = {
			isa = PBXTargetDependency;
			target = FDEE7AB02556B97000532653 /* Daily */;
			targetProxy = FDEE7AD32556B97300532653 /* PBXContainerItemProxy */;
		};
/* End PBXTargetDependency section */

/* Begin PBXVariantGroup section */
		FDEE7ABA2556B97000532653 /* Main.storyboard */ = {
			isa = PBXVariantGroup;
			children = (
				FDEE7ABB2556B97000532653 /* Base */,
			);
			name = Main.storyboard;
			sourceTree = "<group>";
		};
		FDEE7ABF2556B97300532653 /* LaunchScreen.storyboard */ = {
			isa = PBXVariantGroup;
			children = (
				FDEE7AC02556B97300532653 /* Base */,
			);
			name = LaunchScreen.storyboard;
			sourceTree = "<group>";
		};
/* End PBXVariantGroup section */

/* Begin XCBuildConfiguration section */
		FDEE7AD92556B97300532653 /* Debug */ = {
			isa = XCBuildConfiguration;
			buildSettings = {
				ALWAYS_SEARCH_USER_PATHS = NO;
				CLANG_ANALYZER_NONNULL = YES;
				CLANG_ANALYZER_NUMBER_OBJECT_CONVERSION = YES_AGGRESSIVE;
				CLANG_CXX_LANGUAGE_STANDARD = "gnu++14";
				CLANG_CXX_LIBRARY = "libc++";
				CLANG_ENABLE_MODULES = YES;
				CLANG_ENABLE_OBJC_ARC = YES;
				CLANG_ENABLE_OBJC_WEAK = YES;
				CLANG_WARN_BLOCK_CAPTURE_AUTORELEASING = YES;
				CLANG_WARN_BOOL_CONVERSION = YES;
				CLANG_WARN_COMMA = YES;
				CLANG_WARN_CONSTANT_CONVERSION = YES;
				CLANG_WARN_DEPRECATED_OBJC_IMPLEMENTATIONS = YES;
				CLANG_WARN_DIRECT_OBJC_ISA_USAGE = YES_ERROR;
				CLANG_WARN_DOCUMENTATION_COMMENTS = YES;
				CLANG_WARN_EMPTY_BODY = YES;
				CLANG_WARN_ENUM_CONVERSION = YES;
				CLANG_WARN_INFINITE_RECURSION = YES;
				CLANG_WARN_INT_CONVERSION = YES;
				CLANG_WARN_NON_LITERAL_NULL_CONVERSION = YES;
				CLANG_WARN_OBJC_IMPLICIT_RETAIN_SELF = YES;
				CLANG_WARN_OBJC_LITERAL_CONVERSION = YES;
				CLANG_WARN_OBJC_ROOT_CLASS = YES_ERROR;
				CLANG_WARN_QUOTED_INCLUDE_IN_FRAMEWORK_HEADER = YES;
				CLANG_WARN_RANGE_LOOP_ANALYSIS = YES;
				CLANG_WARN_STRICT_PROTOTYPES = YES;
				CLANG_WARN_SUSPICIOUS_MOVE = YES;
				CLANG_WARN_UNGUARDED_AVAILABILITY = YES_AGGRESSIVE;
				CLANG_WARN_UNREACHABLE_CODE = YES;
				CLANG_WARN__DUPLICATE_METHOD_MATCH = YES;
				COPY_PHASE_STRIP = NO;
				DEBUG_INFORMATION_FORMAT = dwarf;
				ENABLE_STRICT_OBJC_MSGSEND = YES;
				ENABLE_TESTABILITY = YES;
				GCC_C_LANGUAGE_STANDARD = gnu11;
				GCC_DYNAMIC_NO_PIC = NO;
				GCC_NO_COMMON_BLOCKS = YES;
				GCC_OPTIMIZATION_LEVEL = 0;
				GCC_PREPROCESSOR_DEFINITIONS = (
					"DEBUG=1",
					"$(inherited)",
				);
				GCC_WARN_64_TO_32_BIT_CONVERSION = YES;
				GCC_WARN_ABOUT_RETURN_TYPE = YES_ERROR;
				GCC_WARN_UNDECLARED_SELECTOR = YES;
				GCC_WARN_UNINITIALIZED_AUTOS = YES_AGGRESSIVE;
				GCC_WARN_UNUSED_FUNCTION = YES;
				GCC_WARN_UNUSED_VARIABLE = YES;
				IPHONEOS_DEPLOYMENT_TARGET = 14.1;
				MTL_ENABLE_DEBUG_INFO = INCLUDE_SOURCE;
				MTL_FAST_MATH = YES;
				ONLY_ACTIVE_ARCH = YES;
				SDKROOT = iphoneos;
				SWIFT_ACTIVE_COMPILATION_CONDITIONS = DEBUG;
				SWIFT_OPTIMIZATION_LEVEL = "-Onone";
			};
			name = Debug;
		};
		FDEE7ADA2556B97300532653 /* Release */ = {
			isa = XCBuildConfiguration;
			buildSettings = {
				ALWAYS_SEARCH_USER_PATHS = NO;
				CLANG_ANALYZER_NONNULL = YES;
				CLANG_ANALYZER_NUMBER_OBJECT_CONVERSION = YES_AGGRESSIVE;
				CLANG_CXX_LANGUAGE_STANDARD = "gnu++14";
				CLANG_CXX_LIBRARY = "libc++";
				CLANG_ENABLE_MODULES = YES;
				CLANG_ENABLE_OBJC_ARC = YES;
				CLANG_ENABLE_OBJC_WEAK = YES;
				CLANG_WARN_BLOCK_CAPTURE_AUTORELEASING = YES;
				CLANG_WARN_BOOL_CONVERSION = YES;
				CLANG_WARN_COMMA = YES;
				CLANG_WARN_CONSTANT_CONVERSION = YES;
				CLANG_WARN_DEPRECATED_OBJC_IMPLEMENTATIONS = YES;
				CLANG_WARN_DIRECT_OBJC_ISA_USAGE = YES_ERROR;
				CLANG_WARN_DOCUMENTATION_COMMENTS = YES;
				CLANG_WARN_EMPTY_BODY = YES;
				CLANG_WARN_ENUM_CONVERSION = YES;
				CLANG_WARN_INFINITE_RECURSION = YES;
				CLANG_WARN_INT_CONVERSION = YES;
				CLANG_WARN_NON_LITERAL_NULL_CONVERSION = YES;
				CLANG_WARN_OBJC_IMPLICIT_RETAIN_SELF = YES;
				CLANG_WARN_OBJC_LITERAL_CONVERSION = YES;
				CLANG_WARN_OBJC_ROOT_CLASS = YES_ERROR;
				CLANG_WARN_QUOTED_INCLUDE_IN_FRAMEWORK_HEADER = YES;
				CLANG_WARN_RANGE_LOOP_ANALYSIS = YES;
				CLANG_WARN_STRICT_PROTOTYPES = YES;
				CLANG_WARN_SUSPICIOUS_MOVE = YES;
				CLANG_WARN_UNGUARDED_AVAILABILITY = YES_AGGRESSIVE;
				CLANG_WARN_UNREACHABLE_CODE = YES;
				CLANG_WARN__DUPLICATE_METHOD_MATCH = YES;
				COPY_PHASE_STRIP = NO;
				DEBUG_INFORMATION_FORMAT = "dwarf-with-dsym";
				ENABLE_NS_ASSERTIONS = NO;
				ENABLE_STRICT_OBJC_MSGSEND = YES;
				GCC_C_LANGUAGE_STANDARD = gnu11;
				GCC_NO_COMMON_BLOCKS = YES;
				GCC_WARN_64_TO_32_BIT_CONVERSION = YES;
				GCC_WARN_ABOUT_RETURN_TYPE = YES_ERROR;
				GCC_WARN_UNDECLARED_SELECTOR = YES;
				GCC_WARN_UNINITIALIZED_AUTOS = YES_AGGRESSIVE;
				GCC_WARN_UNUSED_FUNCTION = YES;
				GCC_WARN_UNUSED_VARIABLE = YES;
				IPHONEOS_DEPLOYMENT_TARGET = 14.1;
				MTL_ENABLE_DEBUG_INFO = NO;
				MTL_FAST_MATH = YES;
				SDKROOT = iphoneos;
				SWIFT_COMPILATION_MODE = wholemodule;
				SWIFT_OPTIMIZATION_LEVEL = "-O";
				VALIDATE_PRODUCT = YES;
			};
			name = Release;
		};
		FDEE7ADC2556B97300532653 /* Debug */ = {
			isa = XCBuildConfiguration;
			buildSettings = {
				ASSETCATALOG_COMPILER_APPICON_NAME = AppIcon;
				ASSETCATALOG_COMPILER_GLOBAL_ACCENT_COLOR_NAME = AccentColor;
				CODE_SIGN_STYLE = Automatic;
				INFOPLIST_FILE = Daily/Info.plist;
				LD_RUNPATH_SEARCH_PATHS = (
					"$(inherited)",
					"@executable_path/Frameworks",
				);
				PRODUCT_BUNDLE_IDENTIFIER = com.ds.Daily;
				PRODUCT_NAME = "$(TARGET_NAME)";
				SWIFT_VERSION = 5.0;
				TARGETED_DEVICE_FAMILY = "1,2";
			};
			name = Debug;
		};
		FDEE7ADD2556B97300532653 /* Release */ = {
			isa = XCBuildConfiguration;
			buildSettings = {
				ASSETCATALOG_COMPILER_APPICON_NAME = AppIcon;
				ASSETCATALOG_COMPILER_GLOBAL_ACCENT_COLOR_NAME = AccentColor;
				CODE_SIGN_STYLE = Automatic;
				INFOPLIST_FILE = Daily/Info.plist;
				LD_RUNPATH_SEARCH_PATHS = (
					"$(inherited)",
					"@executable_path/Frameworks",
				);
				PRODUCT_BUNDLE_IDENTIFIER = com.ds.Daily;
				PRODUCT_NAME = "$(TARGET_NAME)";
				SWIFT_VERSION = 5.0;
				TARGETED_DEVICE_FAMILY = "1,2";
			};
			name = Release;
		};
		FDEE7ADF2556B97300532653 /* Debug */ = {
			isa = XCBuildConfiguration;
			buildSettings = {
				ALWAYS_EMBED_SWIFT_STANDARD_LIBRARIES = YES;
				BUNDLE_LOADER = "$(TEST_HOST)";
				CODE_SIGN_STYLE = Automatic;
				INFOPLIST_FILE = DailyTests/Info.plist;
				IPHONEOS_DEPLOYMENT_TARGET = 14.1;
				LD_RUNPATH_SEARCH_PATHS = (
					"$(inherited)",
					"@executable_path/Frameworks",
					"@loader_path/Frameworks",
				);
				PRODUCT_BUNDLE_IDENTIFIER = com.ds.DailyTests;
				PRODUCT_NAME = "$(TARGET_NAME)";
				SWIFT_VERSION = 5.0;
				TARGETED_DEVICE_FAMILY = "1,2";
				TEST_HOST = "$(BUILT_PRODUCTS_DIR)/Daily.app/Daily";
			};
			name = Debug;
		};
		FDEE7AE02556B97300532653 /* Release */ = {
			isa = XCBuildConfiguration;
			buildSettings = {
				ALWAYS_EMBED_SWIFT_STANDARD_LIBRARIES = YES;
				BUNDLE_LOADER = "$(TEST_HOST)";
				CODE_SIGN_STYLE = Automatic;
				INFOPLIST_FILE = DailyTests/Info.plist;
				IPHONEOS_DEPLOYMENT_TARGET = 14.1;
				LD_RUNPATH_SEARCH_PATHS = (
					"$(inherited)",
					"@executable_path/Frameworks",
					"@loader_path/Frameworks",
				);
				PRODUCT_BUNDLE_IDENTIFIER = com.ds.DailyTests;
				PRODUCT_NAME = "$(TARGET_NAME)";
				SWIFT_VERSION = 5.0;
				TARGETED_DEVICE_FAMILY = "1,2";
				TEST_HOST = "$(BUILT_PRODUCTS_DIR)/Daily.app/Daily";
			};
			name = Release;
		};
		FDEE7AE22556B97300532653 /* Debug */ = {
			isa = XCBuildConfiguration;
			buildSettings = {
				ALWAYS_EMBED_SWIFT_STANDARD_LIBRARIES = YES;
				CODE_SIGN_STYLE = Automatic;
				INFOPLIST_FILE = DailyUITests/Info.plist;
				LD_RUNPATH_SEARCH_PATHS = (
					"$(inherited)",
					"@executable_path/Frameworks",
					"@loader_path/Frameworks",
				);
				PRODUCT_BUNDLE_IDENTIFIER = com.ds.DailyUITests;
				PRODUCT_NAME = "$(TARGET_NAME)";
				SWIFT_VERSION = 5.0;
				TARGETED_DEVICE_FAMILY = "1,2";
				TEST_TARGET_NAME = Daily;
			};
			name = Debug;
		};
		FDEE7AE32556B97300532653 /* Release */ = {
			isa = XCBuildConfiguration;
			buildSettings = {
				ALWAYS_EMBED_SWIFT_STANDARD_LIBRARIES = YES;
				CODE_SIGN_STYLE = Automatic;
				INFOPLIST_FILE = DailyUITests/Info.plist;
				LD_RUNPATH_SEARCH_PATHS = (
					"$(inherited)",
					"@executable_path/Frameworks",
					"@loader_path/Frameworks",
				);
				PRODUCT_BUNDLE_IDENTIFIER = com.ds.DailyUITests;
				PRODUCT_NAME = "$(TARGET_NAME)";
				SWIFT_VERSION = 5.0;
				TARGETED_DEVICE_FAMILY = "1,2";
				TEST_TARGET_NAME = Daily;
			};
			name = Release;
		};
/* End XCBuildConfiguration section */

/* Begin XCConfigurationList section */
		FDEE7AAC2556B97000532653 /* Build configuration list for PBXProject "Daily" */ = {
			isa = XCConfigurationList;
			buildConfigurations = (
				FDEE7AD92556B97300532653 /* Debug */,
				FDEE7ADA2556B97300532653 /* Release */,
			);
			defaultConfigurationIsVisible = 0;
			defaultConfigurationName = Release;
		};
		FDEE7ADB2556B97300532653 /* Build configuration list for PBXNativeTarget "Daily" */ = {
			isa = XCConfigurationList;
			buildConfigurations = (
				FDEE7ADC2556B97300532653 /* Debug */,
				FDEE7ADD2556B97300532653 /* Release */,
			);
			defaultConfigurationIsVisible = 0;
			defaultConfigurationName = Release;
		};
		FDEE7ADE2556B97300532653 /* Build configuration list for PBXNativeTarget "DailyTests" */ = {
			isa = XCConfigurationList;
			buildConfigurations = (
				FDEE7ADF2556B97300532653 /* Debug */,
				FDEE7AE02556B97300532653 /* Release */,
			);
			defaultConfigurationIsVisible = 0;
			defaultConfigurationName = Release;
		};
		FDEE7AE12556B97300532653 /* Build configuration list for PBXNativeTarget "DailyUITests" */ = {
			isa = XCConfigurationList;
			buildConfigurations = (
				FDEE7AE22556B97300532653 /* Debug */,
				FDEE7AE32556B97300532653 /* Release */,
			);
			defaultConfigurationIsVisible = 0;
			defaultConfigurationName = Release;
		};
/* End XCConfigurationList section */
	};
	rootObject = FDEE7AA92556B97000532653 /* Project object */;
}
