// !$*UTF8*$!
{
	archiveVersion = 1;
	classes = {
	};
	objectVersion = 50;
	objects = {

/* Begin PBXBuildFile section */
		FD095B7D255E830700CDCDBB /* Entry.swift in Sources */ = {isa = PBXBuildFile; fileRef = FD095B7C255E830700CDCDBB /* Entry.swift */; };
		FD0D1330257E6656005FF4EA /* Calendar+Range.swift in Sources */ = {isa = PBXBuildFile; fileRef = FD0D132F257E6656005FF4EA /* Calendar+Range.swift */; };
		FD2148A9256067350005AD0D /* TabBarViewController.swift in Sources */ = {isa = PBXBuildFile; fileRef = FD2148A8256067350005AD0D /* TabBarViewController.swift */; };
		FD2148B125606E560005AD0D /* SceneDelegate.swift in Sources */ = {isa = PBXBuildFile; fileRef = FD2148B025606E560005AD0D /* SceneDelegate.swift */; };
		FD2CE623257AE8F200B7CB1F /* CoreDataEntryProvider.swift in Sources */ = {isa = PBXBuildFile; fileRef = FD2CE622257AE8F200B7CB1F /* CoreDataEntryProvider.swift */; };
		FD2D5013257AD1E000A6811C /* TextViewAutoplaceholderDelegate.swift in Sources */ = {isa = PBXBuildFile; fileRef = FD2D5012257AD1E000A6811C /* TextViewAutoplaceholderDelegate.swift */; };
		FD2D501B257AD21900A6811C /* TextFieldReturnNextResponderDelegate.swift in Sources */ = {isa = PBXBuildFile; fileRef = FD2D501A257AD21900A6811C /* TextFieldReturnNextResponderDelegate.swift */; };
		FD316D2C255FF2CA00872EFB /* LocationManager.swift in Sources */ = {isa = PBXBuildFile; fileRef = FD316D2B255FF2CA00872EFB /* LocationManager.swift */; };
		FD316D31256005D000872EFB /* AppDelegate+ViewLocking.swift in Sources */ = {isa = PBXBuildFile; fileRef = FD316D30256005D000872EFB /* AppDelegate+ViewLocking.swift */; };
		FD38B338257BD0D10016311E /* CLPlacemark+String.swift in Sources */ = {isa = PBXBuildFile; fileRef = FD38B337257BD0D10016311E /* CLPlacemark+String.swift */; };
		FD38B33D257BE87F0016311E /* WeatherAPI.swift in Sources */ = {isa = PBXBuildFile; fileRef = FD38B33C257BE87F0016311E /* WeatherAPI.swift */; };
		FD420CA12561452D00D875A9 /* CalendarPickerViewController.swift in Sources */ = {isa = PBXBuildFile; fileRef = FD420C9F2561452D00D875A9 /* CalendarPickerViewController.swift */; };
		FD420CAA2561507500D875A9 /* SlideToTopTransition.swift in Sources */ = {isa = PBXBuildFile; fileRef = FD420CA92561507500D875A9 /* SlideToTopTransition.swift */; };
		FD5DBECD2579936A00FB9D26 /* UIDatePicker+Stylize.swift in Sources */ = {isa = PBXBuildFile; fileRef = FD5DBECC2579936A00FB9D26 /* UIDatePicker+Stylize.swift */; };
		FD5DBED3257999E700FB9D26 /* EntryView.swift in Sources */ = {isa = PBXBuildFile; fileRef = FD5DBED2257999E700FB9D26 /* EntryView.swift */; };
		FD84AA8C25713EF100C046E4 /* EntryProvider.swift in Sources */ = {isa = PBXBuildFile; fileRef = FD84AA8B25713EF100C046E4 /* EntryProvider.swift */; };
		FD84AA912571422E00C046E4 /* MockEntryProvider.swift in Sources */ = {isa = PBXBuildFile; fileRef = FD84AA902571422E00C046E4 /* MockEntryProvider.swift */; };
		FDA3389D2577BB2F00C2A21C /* CoreDataManager.swift in Sources */ = {isa = PBXBuildFile; fileRef = FDA3389C2577BB2F00C2A21C /* CoreDataManager.swift */; };
		FDAD4F3E2577A24100C8CF83 /* Daily.xcdatamodeld in Sources */ = {isa = PBXBuildFile; fileRef = FDAD4F3C2577A24100C8CF83 /* Daily.xcdatamodeld */; };
		FDB3031225680A1800EED82F /* CalendarDayCollectionViewCell.swift in Sources */ = {isa = PBXBuildFile; fileRef = FDB3031125680A1800EED82F /* CalendarDayCollectionViewCell.swift */; };
		FDB3031725680AB000EED82F /* EmptyCollectionViewCell.swift in Sources */ = {isa = PBXBuildFile; fileRef = FDB3031625680AB000EED82F /* EmptyCollectionViewCell.swift */; };
		FDB3031C25680C0500EED82F /* CalendarPickerViewCollectionManager.swift in Sources */ = {isa = PBXBuildFile; fileRef = FDB3031B25680C0500EED82F /* CalendarPickerViewCollectionManager.swift */; };
		FDCF04D8257C31D000FEA48D /* CLGeocoder+Future.swift in Sources */ = {isa = PBXBuildFile; fileRef = FDCF04D7257C31D000FEA48D /* CLGeocoder+Future.swift */; };
		FDCF04E8257D068B00FEA48D /* MetadataPublishers.swift in Sources */ = {isa = PBXBuildFile; fileRef = FDCF04E7257D068B00FEA48D /* MetadataPublishers.swift */; };
		FDD866C12568085100948F1B /* CustomAreaTapGestureRecognizer.swift in Sources */ = {isa = PBXBuildFile; fileRef = FDD866C02568085100948F1B /* CustomAreaTapGestureRecognizer.swift */; };
		FDD866C72568090C00948F1B /* SectionHeaderCollectionReusableView.swift in Sources */ = {isa = PBXBuildFile; fileRef = FDD866C62568090C00948F1B /* SectionHeaderCollectionReusableView.swift */; };
		FDE2FD04255F5D1D002E8F80 /* DemoData.swift in Sources */ = {isa = PBXBuildFile; fileRef = FDE2FD03255F5D1D002E8F80 /* DemoData.swift */; };
		FDE2FD09255F5D69002E8F80 /* UIViewController-Unimplemented.swift in Sources */ = {isa = PBXBuildFile; fileRef = FDE2FD08255F5D69002E8F80 /* UIViewController-Unimplemented.swift */; };
		FDE9713F2557080A002B911A /* MapViewController.swift in Sources */ = {isa = PBXBuildFile; fileRef = FDE9713E2557080A002B911A /* MapViewController.swift */; };
		FDEE7AB52556B97000532653 /* AppDelegate.swift in Sources */ = {isa = PBXBuildFile; fileRef = FDEE7AB42556B97000532653 /* AppDelegate.swift */; };
		FDEE7AB92556B97000532653 /* EntryViewController.swift in Sources */ = {isa = PBXBuildFile; fileRef = FDEE7AB82556B97000532653 /* EntryViewController.swift */; };
		FDEE7ABE2556B97300532653 /* Assets.xcassets in Resources */ = {isa = PBXBuildFile; fileRef = FDEE7ABD2556B97300532653 /* Assets.xcassets */; };
		FDEE7AC12556B97300532653 /* LaunchScreen.storyboard in Resources */ = {isa = PBXBuildFile; fileRef = FDEE7ABF2556B97300532653 /* LaunchScreen.storyboard */; };
		FDEE7ACC2556B97300532653 /* DailyTests.swift in Sources */ = {isa = PBXBuildFile; fileRef = FDEE7ACB2556B97300532653 /* DailyTests.swift */; };
		FDEE7AD72556B97300532653 /* DailyUITests.swift in Sources */ = {isa = PBXBuildFile; fileRef = FDEE7AD62556B97300532653 /* DailyUITests.swift */; };
		FDFC0232257B866E003A52EB /* UIView+screenshot.swift in Sources */ = {isa = PBXBuildFile; fileRef = FDFC0231257B866E003A52EB /* UIView+screenshot.swift */; };
		FDFC0237257B8695003A52EB /* LockedView.swift in Sources */ = {isa = PBXBuildFile; fileRef = FDFC0236257B8695003A52EB /* LockedView.swift */; };
		FDFC024D257B897F003A52EB /* SettingsView.swift in Sources */ = {isa = PBXBuildFile; fileRef = FDFC024C257B897F003A52EB /* SettingsView.swift */; };
/* End PBXBuildFile section */

/* Begin PBXContainerItemProxy section */
		FDEE7AC82556B97300532653 /* PBXContainerItemProxy */ = {
			isa = PBXContainerItemProxy;
			containerPortal = FDEE7AA92556B97000532653 /* Project object */;
			proxyType = 1;
			remoteGlobalIDString = FDEE7AB02556B97000532653;
			remoteInfo = Daily;
		};
		FDEE7AD32556B97300532653 /* PBXContainerItemProxy */ = {
			isa = PBXContainerItemProxy;
			containerPortal = FDEE7AA92556B97000532653 /* Project object */;
			proxyType = 1;
			remoteGlobalIDString = FDEE7AB02556B97000532653;
			remoteInfo = Daily;
		};
/* End PBXContainerItemProxy section */

/* Begin PBXFileReference section */
		FD095B7C255E830700CDCDBB /* Entry.swift */ = {isa = PBXFileReference; lastKnownFileType = sourcecode.swift; path = Entry.swift; sourceTree = "<group>"; };
		FD0D132F257E6656005FF4EA /* Calendar+Range.swift */ = {isa = PBXFileReference; lastKnownFileType = sourcecode.swift; path = "Calendar+Range.swift"; sourceTree = "<group>"; };
		FD2148A8256067350005AD0D /* TabBarViewController.swift */ = {isa = PBXFileReference; lastKnownFileType = sourcecode.swift; path = TabBarViewController.swift; sourceTree = "<group>"; };
		FD2148B025606E560005AD0D /* SceneDelegate.swift */ = {isa = PBXFileReference; fileEncoding = 4; lastKnownFileType = sourcecode.swift; path = SceneDelegate.swift; sourceTree = "<group>"; };
		FD2CE622257AE8F200B7CB1F /* CoreDataEntryProvider.swift */ = {isa = PBXFileReference; lastKnownFileType = sourcecode.swift; path = CoreDataEntryProvider.swift; sourceTree = "<group>"; };
		FD2D5012257AD1E000A6811C /* TextViewAutoplaceholderDelegate.swift */ = {isa = PBXFileReference; lastKnownFileType = sourcecode.swift; path = TextViewAutoplaceholderDelegate.swift; sourceTree = "<group>"; };
		FD2D501A257AD21900A6811C /* TextFieldReturnNextResponderDelegate.swift */ = {isa = PBXFileReference; lastKnownFileType = sourcecode.swift; path = TextFieldReturnNextResponderDelegate.swift; sourceTree = "<group>"; };
		FD316D2B255FF2CA00872EFB /* LocationManager.swift */ = {isa = PBXFileReference; lastKnownFileType = sourcecode.swift; path = LocationManager.swift; sourceTree = "<group>"; };
		FD316D30256005D000872EFB /* AppDelegate+ViewLocking.swift */ = {isa = PBXFileReference; lastKnownFileType = sourcecode.swift; path = "AppDelegate+ViewLocking.swift"; sourceTree = "<group>"; };
		FD38B337257BD0D10016311E /* CLPlacemark+String.swift */ = {isa = PBXFileReference; lastKnownFileType = sourcecode.swift; path = "CLPlacemark+String.swift"; sourceTree = "<group>"; };
		FD38B33C257BE87F0016311E /* WeatherAPI.swift */ = {isa = PBXFileReference; lastKnownFileType = sourcecode.swift; path = WeatherAPI.swift; sourceTree = "<group>"; };
		FD420C9F2561452D00D875A9 /* CalendarPickerViewController.swift */ = {isa = PBXFileReference; lastKnownFileType = sourcecode.swift; path = CalendarPickerViewController.swift; sourceTree = "<group>"; };
		FD420CA92561507500D875A9 /* SlideToTopTransition.swift */ = {isa = PBXFileReference; lastKnownFileType = sourcecode.swift; path = SlideToTopTransition.swift; sourceTree = "<group>"; };
		FD5DBECC2579936A00FB9D26 /* UIDatePicker+Stylize.swift */ = {isa = PBXFileReference; lastKnownFileType = sourcecode.swift; path = "UIDatePicker+Stylize.swift"; sourceTree = "<group>"; };
		FD5DBED2257999E700FB9D26 /* EntryView.swift */ = {isa = PBXFileReference; lastKnownFileType = sourcecode.swift; path = EntryView.swift; sourceTree = "<group>"; };
		FD84AA8B25713EF100C046E4 /* EntryProvider.swift */ = {isa = PBXFileReference; lastKnownFileType = sourcecode.swift; path = EntryProvider.swift; sourceTree = "<group>"; };
		FD84AA902571422E00C046E4 /* MockEntryProvider.swift */ = {isa = PBXFileReference; lastKnownFileType = sourcecode.swift; path = MockEntryProvider.swift; sourceTree = "<group>"; };
		FDA3389C2577BB2F00C2A21C /* CoreDataManager.swift */ = {isa = PBXFileReference; lastKnownFileType = sourcecode.swift; path = CoreDataManager.swift; sourceTree = "<group>"; };
		FDAD4F3D2577A24100C8CF83 /* Entry.xcdatamodel */ = {isa = PBXFileReference; lastKnownFileType = wrapper.xcdatamodel; path = Entry.xcdatamodel; sourceTree = "<group>"; };
		FDB3031125680A1800EED82F /* CalendarDayCollectionViewCell.swift */ = {isa = PBXFileReference; lastKnownFileType = sourcecode.swift; path = CalendarDayCollectionViewCell.swift; sourceTree = "<group>"; };
		FDB3031625680AB000EED82F /* EmptyCollectionViewCell.swift */ = {isa = PBXFileReference; lastKnownFileType = sourcecode.swift; path = EmptyCollectionViewCell.swift; sourceTree = "<group>"; };
		FDB3031B25680C0500EED82F /* CalendarPickerViewCollectionManager.swift */ = {isa = PBXFileReference; lastKnownFileType = sourcecode.swift; path = CalendarPickerViewCollectionManager.swift; sourceTree = "<group>"; };
		FDCF04D7257C31D000FEA48D /* CLGeocoder+Future.swift */ = {isa = PBXFileReference; lastKnownFileType = sourcecode.swift; path = "CLGeocoder+Future.swift"; sourceTree = "<group>"; };
		FDCF04E7257D068B00FEA48D /* MetadataPublishers.swift */ = {isa = PBXFileReference; lastKnownFileType = sourcecode.swift; path = MetadataPublishers.swift; sourceTree = "<group>"; };
		FDD866C02568085100948F1B /* CustomAreaTapGestureRecognizer.swift */ = {isa = PBXFileReference; lastKnownFileType = sourcecode.swift; path = CustomAreaTapGestureRecognizer.swift; sourceTree = "<group>"; };
		FDD866C62568090C00948F1B /* SectionHeaderCollectionReusableView.swift */ = {isa = PBXFileReference; lastKnownFileType = sourcecode.swift; path = SectionHeaderCollectionReusableView.swift; sourceTree = "<group>"; };
		FDE2FD03255F5D1D002E8F80 /* DemoData.swift */ = {isa = PBXFileReference; lastKnownFileType = sourcecode.swift; path = DemoData.swift; sourceTree = "<group>"; };
		FDE2FD08255F5D69002E8F80 /* UIViewController-Unimplemented.swift */ = {isa = PBXFileReference; lastKnownFileType = sourcecode.swift; path = "UIViewController-Unimplemented.swift"; sourceTree = "<group>"; };
		FDE9713E2557080A002B911A /* MapViewController.swift */ = {isa = PBXFileReference; lastKnownFileType = sourcecode.swift; path = MapViewController.swift; sourceTree = "<group>"; };
		FDEE7AB12556B97000532653 /* Daily.app */ = {isa = PBXFileReference; explicitFileType = wrapper.application; includeInIndex = 0; path = Daily.app; sourceTree = BUILT_PRODUCTS_DIR; };
		FDEE7AB42556B97000532653 /* AppDelegate.swift */ = {isa = PBXFileReference; lastKnownFileType = sourcecode.swift; path = AppDelegate.swift; sourceTree = "<group>"; };
		FDEE7AB82556B97000532653 /* EntryViewController.swift */ = {isa = PBXFileReference; lastKnownFileType = sourcecode.swift; path = EntryViewController.swift; sourceTree = "<group>"; };
		FDEE7ABD2556B97300532653 /* Assets.xcassets */ = {isa = PBXFileReference; lastKnownFileType = folder.assetcatalog; path = Assets.xcassets; sourceTree = "<group>"; };
		FDEE7AC02556B97300532653 /* Base */ = {isa = PBXFileReference; lastKnownFileType = file.storyboard; name = Base; path = Base.lproj/LaunchScreen.storyboard; sourceTree = "<group>"; };
		FDEE7AC22556B97300532653 /* Info.plist */ = {isa = PBXFileReference; lastKnownFileType = text.plist.xml; path = Info.plist; sourceTree = "<group>"; };
		FDEE7AC72556B97300532653 /* DailyTests.xctest */ = {isa = PBXFileReference; explicitFileType = wrapper.cfbundle; includeInIndex = 0; path = DailyTests.xctest; sourceTree = BUILT_PRODUCTS_DIR; };
		FDEE7ACB2556B97300532653 /* DailyTests.swift */ = {isa = PBXFileReference; lastKnownFileType = sourcecode.swift; path = DailyTests.swift; sourceTree = "<group>"; };
		FDEE7ACD2556B97300532653 /* Info.plist */ = {isa = PBXFileReference; lastKnownFileType = text.plist.xml; path = Info.plist; sourceTree = "<group>"; };
		FDEE7AD22556B97300532653 /* DailyUITests.xctest */ = {isa = PBXFileReference; explicitFileType = wrapper.cfbundle; includeInIndex = 0; path = DailyUITests.xctest; sourceTree = BUILT_PRODUCTS_DIR; };
		FDEE7AD62556B97300532653 /* DailyUITests.swift */ = {isa = PBXFileReference; lastKnownFileType = sourcecode.swift; path = DailyUITests.swift; sourceTree = "<group>"; };
		FDEE7AD82556B97300532653 /* Info.plist */ = {isa = PBXFileReference; lastKnownFileType = text.plist.xml; path = Info.plist; sourceTree = "<group>"; };
		FDFC0231257B866E003A52EB /* UIView+screenshot.swift */ = {isa = PBXFileReference; lastKnownFileType = sourcecode.swift; path = "UIView+screenshot.swift"; sourceTree = "<group>"; };
		FDFC0236257B8695003A52EB /* LockedView.swift */ = {isa = PBXFileReference; lastKnownFileType = sourcecode.swift; path = LockedView.swift; sourceTree = "<group>"; };
		FDFC024C257B897F003A52EB /* SettingsView.swift */ = {isa = PBXFileReference; lastKnownFileType = sourcecode.swift; path = SettingsView.swift; sourceTree = "<group>"; };
/* End PBXFileReference section */

/* Begin PBXFrameworksBuildPhase section */
		FDEE7AAE2556B97000532653 /* Frameworks */ = {
			isa = PBXFrameworksBuildPhase;
			buildActionMask = 2147483647;
			files = (
			);
			runOnlyForDeploymentPostprocessing = 0;
		};
		FDEE7AC42556B97300532653 /* Frameworks */ = {
			isa = PBXFrameworksBuildPhase;
			buildActionMask = 2147483647;
			files = (
			);
			runOnlyForDeploymentPostprocessing = 0;
		};
		FDEE7ACF2556B97300532653 /* Frameworks */ = {
			isa = PBXFrameworksBuildPhase;
			buildActionMask = 2147483647;
			files = (
			);
			runOnlyForDeploymentPostprocessing = 0;
		};
/* End PBXFrameworksBuildPhase section */

/* Begin PBXGroup section */
		FD2CE621257AE8DC00B7CB1F /* Providers */ = {
			isa = PBXGroup;
			children = (
				FD84AA8B25713EF100C046E4 /* EntryProvider.swift */,
				FD84AA902571422E00C046E4 /* MockEntryProvider.swift */,
				FD2CE622257AE8F200B7CB1F /* CoreDataEntryProvider.swift */,
				FDA3389C2577BB2F00C2A21C /* CoreDataManager.swift */,
			);
			path = Providers;
			sourceTree = "<group>";
		};
		FD2D500E257AD1A700A6811C /* Helpers */ = {
			isa = PBXGroup;
			children = (
				FD2D5012257AD1E000A6811C /* TextViewAutoplaceholderDelegate.swift */,
				FD2D501A257AD21900A6811C /* TextFieldReturnNextResponderDelegate.swift */,
				FD38B33C257BE87F0016311E /* WeatherAPI.swift */,
				FD316D2B255FF2CA00872EFB /* LocationManager.swift */,
				FDCF04E7257D068B00FEA48D /* MetadataPublishers.swift */,
			);
			path = Helpers;
			sourceTree = "<group>";
		};
		FD4BFE6B2579875800F0750F /* ViewControllers */ = {
			isa = PBXGroup;
			children = (
				FDEE7AB82556B97000532653 /* EntryViewController.swift */,
			);
			path = ViewControllers;
			sourceTree = "<group>";
		};
		FD5DBED1257999DC00FB9D26 /* Views */ = {
			isa = PBXGroup;
			children = (
				FD5DBED2257999E700FB9D26 /* EntryView.swift */,
				FDFC0236257B8695003A52EB /* LockedView.swift */,
				FDFC024C257B897F003A52EB /* SettingsView.swift */,
			);
			path = Views;
			sourceTree = "<group>";
		};
		FDD866C5256808E400948F1B /* CalendarPicker */ = {
			isa = PBXGroup;
			children = (
				FD420C9F2561452D00D875A9 /* CalendarPickerViewController.swift */,
				FDD866C62568090C00948F1B /* SectionHeaderCollectionReusableView.swift */,
				FDB3031125680A1800EED82F /* CalendarDayCollectionViewCell.swift */,
				FDB3031625680AB000EED82F /* EmptyCollectionViewCell.swift */,
				FDB3031B25680C0500EED82F /* CalendarPickerViewCollectionManager.swift */,
			);
			path = CalendarPicker;
			sourceTree = "<group>";
		};
		FDEE7AA82556B97000532653 = {
			isa = PBXGroup;
			children = (
				FDEE7AB32556B97000532653 /* Daily */,
				FDEE7ACA2556B97300532653 /* DailyTests */,
				FDEE7AD52556B97300532653 /* DailyUITests */,
				FDEE7AB22556B97000532653 /* Products */,
			);
			sourceTree = "<group>";
		};
		FDEE7AB22556B97000532653 /* Products */ = {
			isa = PBXGroup;
			children = (
				FDEE7AB12556B97000532653 /* Daily.app */,
				FDEE7AC72556B97300532653 /* DailyTests.xctest */,
				FDEE7AD22556B97300532653 /* DailyUITests.xctest */,
			);
			name = Products;
			sourceTree = "<group>";
		};
		FDEE7AB32556B97000532653 /* Daily */ = {
			isa = PBXGroup;
			children = (
				FDFC0230257B865C003A52EB /* Extensions */,
				FD2CE621257AE8DC00B7CB1F /* Providers */,
				FD2D500E257AD1A700A6811C /* Helpers */,
				FD5DBED1257999DC00FB9D26 /* Views */,
				FD4BFE6B2579875800F0750F /* ViewControllers */,
				FDD866C02568085100948F1B /* CustomAreaTapGestureRecognizer.swift */,
				FD420CA92561507500D875A9 /* SlideToTopTransition.swift */,
				FDD866C5256808E400948F1B /* CalendarPicker */,
				FDEE7AB42556B97000532653 /* AppDelegate.swift */,
				FD2148B025606E560005AD0D /* SceneDelegate.swift */,
				FDE9713E2557080A002B911A /* MapViewController.swift */,
				FDEE7ABD2556B97300532653 /* Assets.xcassets */,
				FDEE7ABF2556B97300532653 /* LaunchScreen.storyboard */,
				FDEE7AC22556B97300532653 /* Info.plist */,
				FD095B7C255E830700CDCDBB /* Entry.swift */,
				FDE2FD03255F5D1D002E8F80 /* DemoData.swift */,
				FDE2FD08255F5D69002E8F80 /* UIViewController-Unimplemented.swift */,
				FD2148A8256067350005AD0D /* TabBarViewController.swift */,
				FDAD4F3C2577A24100C8CF83 /* Daily.xcdatamodeld */,
			);
			path = Daily;
			sourceTree = "<group>";
		};
		FDEE7ACA2556B97300532653 /* DailyTests */ = {
			isa = PBXGroup;
			children = (
				FDEE7ACB2556B97300532653 /* DailyTests.swift */,
				FDEE7ACD2556B97300532653 /* Info.plist */,
			);
			path = DailyTests;
			sourceTree = "<group>";
		};
		FDEE7AD52556B97300532653 /* DailyUITests */ = {
			isa = PBXGroup;
			children = (
				FDEE7AD62556B97300532653 /* DailyUITests.swift */,
				FDEE7AD82556B97300532653 /* Info.plist */,
			);
			path = DailyUITests;
			sourceTree = "<group>";
		};
		FDFC0230257B865C003A52EB /* Extensions */ = {
			isa = PBXGroup;
			children = (
				FDFC0231257B866E003A52EB /* UIView+screenshot.swift */,
				FD316D30256005D000872EFB /* AppDelegate+ViewLocking.swift */,
				FD38B337257BD0D10016311E /* CLPlacemark+String.swift */,
				FDCF04D7257C31D000FEA48D /* CLGeocoder+Future.swift */,
				FD5DBECC2579936A00FB9D26 /* UIDatePicker+Stylize.swift */,
				FD0D132F257E6656005FF4EA /* Calendar+Range.swift */,
			);
			path = Extensions;
			sourceTree = "<group>";
		};
/* End PBXGroup section */

/* Begin PBXNativeTarget section */
		FDEE7AB02556B97000532653 /* Daily */ = {
			isa = PBXNativeTarget;
			buildConfigurationList = FDEE7ADB2556B97300532653 /* Build configuration list for PBXNativeTarget "Daily" */;
			buildPhases = (
				FDEE7AAD2556B97000532653 /* Sources */,
				FDEE7AAE2556B97000532653 /* Frameworks */,
				FDEE7AAF2556B97000532653 /* Resources */,
			);
			buildRules = (
			);
			dependencies = (
			);
			name = Daily;
			packageProductDependencies = (
			);
			productName = Daily;
			productReference = FDEE7AB12556B97000532653 /* Daily.app */;
			productType = "com.apple.product-type.application";
		};
		FDEE7AC62556B97300532653 /* DailyTests */ = {
			isa = PBXNativeTarget;
			buildConfigurationList = FDEE7ADE2556B97300532653 /* Build configuration list for PBXNativeTarget "DailyTests" */;
			buildPhases = (
				FDEE7AC32556B97300532653 /* Sources */,
				FDEE7AC42556B97300532653 /* Frameworks */,
				FDEE7AC52556B97300532653 /* Resources */,
			);
			buildRules = (
			);
			dependencies = (
				FDEE7AC92556B97300532653 /* PBXTargetDependency */,
			);
			name = DailyTests;
			productName = DailyTests;
			productReference = FDEE7AC72556B97300532653 /* DailyTests.xctest */;
			productType = "com.apple.product-type.bundle.unit-test";
		};
		FDEE7AD12556B97300532653 /* DailyUITests */ = {
			isa = PBXNativeTarget;
			buildConfigurationList = FDEE7AE12556B97300532653 /* Build configuration list for PBXNativeTarget "DailyUITests" */;
			buildPhases = (
				FDEE7ACE2556B97300532653 /* Sources */,
				FDEE7ACF2556B97300532653 /* Frameworks */,
				FDEE7AD02556B97300532653 /* Resources */,
			);
			buildRules = (
			);
			dependencies = (
				FDEE7AD42556B97300532653 /* PBXTargetDependency */,
			);
			name = DailyUITests;
			productName = DailyUITests;
			productReference = FDEE7AD22556B97300532653 /* DailyUITests.xctest */;
			productType = "com.apple.product-type.bundle.ui-testing";
		};
/* End PBXNativeTarget section */

/* Begin PBXProject section */
		FDEE7AA92556B97000532653 /* Project object */ = {
			isa = PBXProject;
			attributes = {
				LastSwiftUpdateCheck = 1210;
				LastUpgradeCheck = 1210;
				TargetAttributes = {
					FDEE7AB02556B97000532653 = {
						CreatedOnToolsVersion = 12.1;
					};
					FDEE7AC62556B97300532653 = {
						CreatedOnToolsVersion = 12.1;
						TestTargetID = FDEE7AB02556B97000532653;
					};
					FDEE7AD12556B97300532653 = {
						CreatedOnToolsVersion = 12.1;
						TestTargetID = FDEE7AB02556B97000532653;
					};
				};
			};
			buildConfigurationList = FDEE7AAC2556B97000532653 /* Build configuration list for PBXProject "Daily" */;
			compatibilityVersion = "Xcode 9.3";
			developmentRegion = en;
			hasScannedForEncodings = 0;
			knownRegions = (
				en,
				Base,
			);
			mainGroup = FDEE7AA82556B97000532653;
			packageReferences = (
			);
			productRefGroup = FDEE7AB22556B97000532653 /* Products */;
			projectDirPath = "";
			projectRoot = "";
			targets = (
				FDEE7AB02556B97000532653 /* Daily */,
				FDEE7AC62556B97300532653 /* DailyTests */,
				FDEE7AD12556B97300532653 /* DailyUITests */,
			);
		};
/* End PBXProject section */

/* Begin PBXResourcesBuildPhase section */
		FDEE7AAF2556B97000532653 /* Resources */ = {
			isa = PBXResourcesBuildPhase;
			buildActionMask = 2147483647;
			files = (
				FDEE7AC12556B97300532653 /* LaunchScreen.storyboard in Resources */,
				FDEE7ABE2556B97300532653 /* Assets.xcassets in Resources */,
			);
			runOnlyForDeploymentPostprocessing = 0;
		};
		FDEE7AC52556B97300532653 /* Resources */ = {
			isa = PBXResourcesBuildPhase;
			buildActionMask = 2147483647;
			files = (
			);
			runOnlyForDeploymentPostprocessing = 0;
		};
		FDEE7AD02556B97300532653 /* Resources */ = {
			isa = PBXResourcesBuildPhase;
			buildActionMask = 2147483647;
			files = (
			);
			runOnlyForDeploymentPostprocessing = 0;
		};
/* End PBXResourcesBuildPhase section */

/* Begin PBXSourcesBuildPhase section */
		FDEE7AAD2556B97000532653 /* Sources */ = {
			isa = PBXSourcesBuildPhase;
			buildActionMask = 2147483647;
			files = (
				FDD866C72568090C00948F1B /* SectionHeaderCollectionReusableView.swift in Sources */,
				FD420CA12561452D00D875A9 /* CalendarPickerViewController.swift in Sources */,
				FDE2FD09255F5D69002E8F80 /* UIViewController-Unimplemented.swift in Sources */,
				FD38B338257BD0D10016311E /* CLPlacemark+String.swift in Sources */,
				FD095B7D255E830700CDCDBB /* Entry.swift in Sources */,
				FDD866C12568085100948F1B /* CustomAreaTapGestureRecognizer.swift in Sources */,
				FDB3031225680A1800EED82F /* CalendarDayCollectionViewCell.swift in Sources */,
				FD420CAA2561507500D875A9 /* SlideToTopTransition.swift in Sources */,
				FD2D5013257AD1E000A6811C /* TextViewAutoplaceholderDelegate.swift in Sources */,
				FDB3031C25680C0500EED82F /* CalendarPickerViewCollectionManager.swift in Sources */,
				FD2148A9256067350005AD0D /* TabBarViewController.swift in Sources */,
				FD0D1330257E6656005FF4EA /* Calendar+Range.swift in Sources */,
				FDAD4F3E2577A24100C8CF83 /* Daily.xcdatamodeld in Sources */,
				FD5DBECD2579936A00FB9D26 /* UIDatePicker+Stylize.swift in Sources */,
				FDA3389D2577BB2F00C2A21C /* CoreDataManager.swift in Sources */,
				FD2CE623257AE8F200B7CB1F /* CoreDataEntryProvider.swift in Sources */,
				FD84AA912571422E00C046E4 /* MockEntryProvider.swift in Sources */,
				FDFC024D257B897F003A52EB /* SettingsView.swift in Sources */,
				FDFC0232257B866E003A52EB /* UIView+screenshot.swift in Sources */,
				FDCF04E8257D068B00FEA48D /* MetadataPublishers.swift in Sources */,
				FDE2FD04255F5D1D002E8F80 /* DemoData.swift in Sources */,
				FD2D501B257AD21900A6811C /* TextFieldReturnNextResponderDelegate.swift in Sources */,
				FDEE7AB92556B97000532653 /* EntryViewController.swift in Sources */,
				FDEE7AB52556B97000532653 /* AppDelegate.swift in Sources */,
				FDCF04D8257C31D000FEA48D /* CLGeocoder+Future.swift in Sources */,
				FD2148B125606E560005AD0D /* SceneDelegate.swift in Sources */,
				FD316D31256005D000872EFB /* AppDelegate+ViewLocking.swift in Sources */,
				FDB3031725680AB000EED82F /* EmptyCollectionViewCell.swift in Sources */,
				FD38B33D257BE87F0016311E /* WeatherAPI.swift in Sources */,
				FDFC0237257B8695003A52EB /* LockedView.swift in Sources */,
				FDE9713F2557080A002B911A /* MapViewController.swift in Sources */,
				FD84AA8C25713EF100C046E4 /* EntryProvider.swift in Sources */,
				FD316D2C255FF2CA00872EFB /* LocationManager.swift in Sources */,
				FD5DBED3257999E700FB9D26 /* EntryView.swift in Sources */,
			);
			runOnlyForDeploymentPostprocessing = 0;
		};
		FDEE7AC32556B97300532653 /* Sources */ = {
			isa = PBXSourcesBuildPhase;
			buildActionMask = 2147483647;
			files = (
				FDEE7ACC2556B97300532653 /* DailyTests.swift in Sources */,
			);
			runOnlyForDeploymentPostprocessing = 0;
		};
		FDEE7ACE2556B97300532653 /* Sources */ = {
			isa = PBXSourcesBuildPhase;
			buildActionMask = 2147483647;
			files = (
				FDEE7AD72556B97300532653 /* DailyUITests.swift in Sources */,
			);
			runOnlyForDeploymentPostprocessing = 0;
		};
/* End PBXSourcesBuildPhase section */

/* Begin PBXTargetDependency section */
		FDEE7AC92556B97300532653 /* PBXTargetDependency */ = {
			isa = PBXTargetDependency;
			target = FDEE7AB02556B97000532653 /* Daily */;
			targetProxy = FDEE7AC82556B97300532653 /* PBXContainerItemProxy */;
		};
		FDEE7AD42556B97300532653 /* PBXTargetDependency */ = {
			isa = PBXTargetDependency;
			target = FDEE7AB02556B97000532653 /* Daily */;
			targetProxy = FDEE7AD32556B97300532653 /* PBXContainerItemProxy */;
		};
/* End PBXTargetDependency section */

/* Begin PBXVariantGroup section */
		FDEE7ABF2556B97300532653 /* LaunchScreen.storyboard */ = {
			isa = PBXVariantGroup;
			children = (
				FDEE7AC02556B97300532653 /* Base */,
			);
			name = LaunchScreen.storyboard;
			sourceTree = "<group>";
		};
/* End PBXVariantGroup section */

/* Begin XCBuildConfiguration section */
		FDEE7AD92556B97300532653 /* Debug */ = {
			isa = XCBuildConfiguration;
			buildSettings = {
				ALWAYS_SEARCH_USER_PATHS = NO;
				CLANG_ANALYZER_NONNULL = YES;
				CLANG_ANALYZER_NUMBER_OBJECT_CONVERSION = YES_AGGRESSIVE;
				CLANG_CXX_LANGUAGE_STANDARD = "gnu++14";
				CLANG_CXX_LIBRARY = "libc++";
				CLANG_ENABLE_MODULES = YES;
				CLANG_ENABLE_OBJC_ARC = YES;
				CLANG_ENABLE_OBJC_WEAK = YES;
				CLANG_WARN_BLOCK_CAPTURE_AUTORELEASING = YES;
				CLANG_WARN_BOOL_CONVERSION = YES;
				CLANG_WARN_COMMA = YES;
				CLANG_WARN_CONSTANT_CONVERSION = YES;
				CLANG_WARN_DEPRECATED_OBJC_IMPLEMENTATIONS = YES;
				CLANG_WARN_DIRECT_OBJC_ISA_USAGE = YES_ERROR;
				CLANG_WARN_DOCUMENTATION_COMMENTS = YES;
				CLANG_WARN_EMPTY_BODY = YES;
				CLANG_WARN_ENUM_CONVERSION = YES;
				CLANG_WARN_INFINITE_RECURSION = YES;
				CLANG_WARN_INT_CONVERSION = YES;
				CLANG_WARN_NON_LITERAL_NULL_CONVERSION = YES;
				CLANG_WARN_OBJC_IMPLICIT_RETAIN_SELF = YES;
				CLANG_WARN_OBJC_LITERAL_CONVERSION = YES;
				CLANG_WARN_OBJC_ROOT_CLASS = YES_ERROR;
				CLANG_WARN_QUOTED_INCLUDE_IN_FRAMEWORK_HEADER = YES;
				CLANG_WARN_RANGE_LOOP_ANALYSIS = YES;
				CLANG_WARN_STRICT_PROTOTYPES = YES;
				CLANG_WARN_SUSPICIOUS_MOVE = YES;
				CLANG_WARN_UNGUARDED_AVAILABILITY = YES_AGGRESSIVE;
				CLANG_WARN_UNREACHABLE_CODE = YES;
				CLANG_WARN__DUPLICATE_METHOD_MATCH = YES;
				COPY_PHASE_STRIP = NO;
				DEBUG_INFORMATION_FORMAT = dwarf;
				ENABLE_STRICT_OBJC_MSGSEND = YES;
				ENABLE_TESTABILITY = YES;
				GCC_C_LANGUAGE_STANDARD = gnu11;
				GCC_DYNAMIC_NO_PIC = NO;
				GCC_NO_COMMON_BLOCKS = YES;
				GCC_OPTIMIZATION_LEVEL = 0;
				GCC_PREPROCESSOR_DEFINITIONS = (
					"DEBUG=1",
					"$(inherited)",
				);
				GCC_WARN_64_TO_32_BIT_CONVERSION = YES;
				GCC_WARN_ABOUT_RETURN_TYPE = YES_ERROR;
				GCC_WARN_UNDECLARED_SELECTOR = YES;
				GCC_WARN_UNINITIALIZED_AUTOS = YES_AGGRESSIVE;
				GCC_WARN_UNUSED_FUNCTION = YES;
				GCC_WARN_UNUSED_VARIABLE = YES;
				IPHONEOS_DEPLOYMENT_TARGET = 14.1;
				MTL_ENABLE_DEBUG_INFO = INCLUDE_SOURCE;
				MTL_FAST_MATH = YES;
				ONLY_ACTIVE_ARCH = YES;
				SDKROOT = iphoneos;
				SWIFT_ACTIVE_COMPILATION_CONDITIONS = DEBUG;
				SWIFT_OPTIMIZATION_LEVEL = "-Onone";
			};
			name = Debug;
		};
		FDEE7ADA2556B97300532653 /* Release */ = {
			isa = XCBuildConfiguration;
			buildSettings = {
				ALWAYS_SEARCH_USER_PATHS = NO;
				CLANG_ANALYZER_NONNULL = YES;
				CLANG_ANALYZER_NUMBER_OBJECT_CONVERSION = YES_AGGRESSIVE;
				CLANG_CXX_LANGUAGE_STANDARD = "gnu++14";
				CLANG_CXX_LIBRARY = "libc++";
				CLANG_ENABLE_MODULES = YES;
				CLANG_ENABLE_OBJC_ARC = YES;
				CLANG_ENABLE_OBJC_WEAK = YES;
				CLANG_WARN_BLOCK_CAPTURE_AUTORELEASING = YES;
				CLANG_WARN_BOOL_CONVERSION = YES;
				CLANG_WARN_COMMA = YES;
				CLANG_WARN_CONSTANT_CONVERSION = YES;
				CLANG_WARN_DEPRECATED_OBJC_IMPLEMENTATIONS = YES;
				CLANG_WARN_DIRECT_OBJC_ISA_USAGE = YES_ERROR;
				CLANG_WARN_DOCUMENTATION_COMMENTS = YES;
				CLANG_WARN_EMPTY_BODY = YES;
				CLANG_WARN_ENUM_CONVERSION = YES;
				CLANG_WARN_INFINITE_RECURSION = YES;
				CLANG_WARN_INT_CONVERSION = YES;
				CLANG_WARN_NON_LITERAL_NULL_CONVERSION = YES;
				CLANG_WARN_OBJC_IMPLICIT_RETAIN_SELF = YES;
				CLANG_WARN_OBJC_LITERAL_CONVERSION = YES;
				CLANG_WARN_OBJC_ROOT_CLASS = YES_ERROR;
				CLANG_WARN_QUOTED_INCLUDE_IN_FRAMEWORK_HEADER = YES;
				CLANG_WARN_RANGE_LOOP_ANALYSIS = YES;
				CLANG_WARN_STRICT_PROTOTYPES = YES;
				CLANG_WARN_SUSPICIOUS_MOVE = YES;
				CLANG_WARN_UNGUARDED_AVAILABILITY = YES_AGGRESSIVE;
				CLANG_WARN_UNREACHABLE_CODE = YES;
				CLANG_WARN__DUPLICATE_METHOD_MATCH = YES;
				COPY_PHASE_STRIP = NO;
				DEBUG_INFORMATION_FORMAT = "dwarf-with-dsym";
				ENABLE_NS_ASSERTIONS = NO;
				ENABLE_STRICT_OBJC_MSGSEND = YES;
				GCC_C_LANGUAGE_STANDARD = gnu11;
				GCC_NO_COMMON_BLOCKS = YES;
				GCC_WARN_64_TO_32_BIT_CONVERSION = YES;
				GCC_WARN_ABOUT_RETURN_TYPE = YES_ERROR;
				GCC_WARN_UNDECLARED_SELECTOR = YES;
				GCC_WARN_UNINITIALIZED_AUTOS = YES_AGGRESSIVE;
				GCC_WARN_UNUSED_FUNCTION = YES;
				GCC_WARN_UNUSED_VARIABLE = YES;
				IPHONEOS_DEPLOYMENT_TARGET = 14.1;
				MTL_ENABLE_DEBUG_INFO = NO;
				MTL_FAST_MATH = YES;
				SDKROOT = iphoneos;
				SWIFT_COMPILATION_MODE = wholemodule;
				SWIFT_OPTIMIZATION_LEVEL = "-O";
				VALIDATE_PRODUCT = YES;
			};
			name = Release;
		};
		FDEE7ADC2556B97300532653 /* Debug */ = {
			isa = XCBuildConfiguration;
			buildSettings = {
				ASSETCATALOG_COMPILER_APPICON_NAME = AppIcon;
				ASSETCATALOG_COMPILER_GLOBAL_ACCENT_COLOR_NAME = AccentColor;
				CODE_SIGN_STYLE = Automatic;
				INFOPLIST_FILE = Daily/Info.plist;
				LD_RUNPATH_SEARCH_PATHS = (
					"$(inherited)",
					"@executable_path/Frameworks",
				);
				PRODUCT_BUNDLE_IDENTIFIER = com.ds.Daily;
				PRODUCT_NAME = "$(TARGET_NAME)";
				SUPPORTS_MACCATALYST = NO;
				SWIFT_VERSION = 5.0;
				TARGETED_DEVICE_FAMILY = "1,2";
			};
			name = Debug;
		};
		FDEE7ADD2556B97300532653 /* Release */ = {
			isa = XCBuildConfiguration;
			buildSettings = {
				ASSETCATALOG_COMPILER_APPICON_NAME = AppIcon;
				ASSETCATALOG_COMPILER_GLOBAL_ACCENT_COLOR_NAME = AccentColor;
				CODE_SIGN_STYLE = Automatic;
				INFOPLIST_FILE = Daily/Info.plist;
				LD_RUNPATH_SEARCH_PATHS = (
					"$(inherited)",
					"@executable_path/Frameworks",
				);
				PRODUCT_BUNDLE_IDENTIFIER = com.ds.Daily;
				PRODUCT_NAME = "$(TARGET_NAME)";
				SUPPORTS_MACCATALYST = NO;
				SWIFT_VERSION = 5.0;
				TARGETED_DEVICE_FAMILY = "1,2";
			};
			name = Release;
		};
		FDEE7ADF2556B97300532653 /* Debug */ = {
			isa = XCBuildConfiguration;
			buildSettings = {
				ALWAYS_EMBED_SWIFT_STANDARD_LIBRARIES = YES;
				BUNDLE_LOADER = "$(TEST_HOST)";
				CODE_SIGN_STYLE = Automatic;
				INFOPLIST_FILE = DailyTests/Info.plist;
				IPHONEOS_DEPLOYMENT_TARGET = 14.1;
				LD_RUNPATH_SEARCH_PATHS = (
					"$(inherited)",
					"@executable_path/Frameworks",
					"@loader_path/Frameworks",
				);
				PRODUCT_BUNDLE_IDENTIFIER = com.ds.DailyTests;
				PRODUCT_NAME = "$(TARGET_NAME)";
				SWIFT_VERSION = 5.0;
				TARGETED_DEVICE_FAMILY = "1,2";
				TEST_HOST = "$(BUILT_PRODUCTS_DIR)/Daily.app/Daily";
			};
			name = Debug;
		};
		FDEE7AE02556B97300532653 /* Release */ = {
			isa = XCBuildConfiguration;
			buildSettings = {
				ALWAYS_EMBED_SWIFT_STANDARD_LIBRARIES = YES;
				BUNDLE_LOADER = "$(TEST_HOST)";
				CODE_SIGN_STYLE = Automatic;
				INFOPLIST_FILE = DailyTests/Info.plist;
				IPHONEOS_DEPLOYMENT_TARGET = 14.1;
				LD_RUNPATH_SEARCH_PATHS = (
					"$(inherited)",
					"@executable_path/Frameworks",
					"@loader_path/Frameworks",
				);
				PRODUCT_BUNDLE_IDENTIFIER = com.ds.DailyTests;
				PRODUCT_NAME = "$(TARGET_NAME)";
				SWIFT_VERSION = 5.0;
				TARGETED_DEVICE_FAMILY = "1,2";
				TEST_HOST = "$(BUILT_PRODUCTS_DIR)/Daily.app/Daily";
			};
			name = Release;
		};
		FDEE7AE22556B97300532653 /* Debug */ = {
			isa = XCBuildConfiguration;
			buildSettings = {
				ALWAYS_EMBED_SWIFT_STANDARD_LIBRARIES = YES;
				CODE_SIGN_STYLE = Automatic;
				INFOPLIST_FILE = DailyUITests/Info.plist;
				LD_RUNPATH_SEARCH_PATHS = (
					"$(inherited)",
					"@executable_path/Frameworks",
					"@loader_path/Frameworks",
				);
				PRODUCT_BUNDLE_IDENTIFIER = com.ds.DailyUITests;
				PRODUCT_NAME = "$(TARGET_NAME)";
				SWIFT_VERSION = 5.0;
				TARGETED_DEVICE_FAMILY = "1,2";
				TEST_TARGET_NAME = Daily;
			};
			name = Debug;
		};
		FDEE7AE32556B97300532653 /* Release */ = {
			isa = XCBuildConfiguration;
			buildSettings = {
				ALWAYS_EMBED_SWIFT_STANDARD_LIBRARIES = YES;
				CODE_SIGN_STYLE = Automatic;
				INFOPLIST_FILE = DailyUITests/Info.plist;
				LD_RUNPATH_SEARCH_PATHS = (
					"$(inherited)",
					"@executable_path/Frameworks",
					"@loader_path/Frameworks",
				);
				PRODUCT_BUNDLE_IDENTIFIER = com.ds.DailyUITests;
				PRODUCT_NAME = "$(TARGET_NAME)";
				SWIFT_VERSION = 5.0;
				TARGETED_DEVICE_FAMILY = "1,2";
				TEST_TARGET_NAME = Daily;
			};
			name = Release;
		};
/* End XCBuildConfiguration section */

/* Begin XCConfigurationList section */
		FDEE7AAC2556B97000532653 /* Build configuration list for PBXProject "Daily" */ = {
			isa = XCConfigurationList;
			buildConfigurations = (
				FDEE7AD92556B97300532653 /* Debug */,
				FDEE7ADA2556B97300532653 /* Release */,
			);
			defaultConfigurationIsVisible = 0;
			defaultConfigurationName = Release;
		};
		FDEE7ADB2556B97300532653 /* Build configuration list for PBXNativeTarget "Daily" */ = {
			isa = XCConfigurationList;
			buildConfigurations = (
				FDEE7ADC2556B97300532653 /* Debug */,
				FDEE7ADD2556B97300532653 /* Release */,
			);
			defaultConfigurationIsVisible = 0;
			defaultConfigurationName = Release;
		};
		FDEE7ADE2556B97300532653 /* Build configuration list for PBXNativeTarget "DailyTests" */ = {
			isa = XCConfigurationList;
			buildConfigurations = (
				FDEE7ADF2556B97300532653 /* Debug */,
				FDEE7AE02556B97300532653 /* Release */,
			);
			defaultConfigurationIsVisible = 0;
			defaultConfigurationName = Release;
		};
		FDEE7AE12556B97300532653 /* Build configuration list for PBXNativeTarget "DailyUITests" */ = {
			isa = XCConfigurationList;
			buildConfigurations = (
				FDEE7AE22556B97300532653 /* Debug */,
				FDEE7AE32556B97300532653 /* Release */,
			);
			defaultConfigurationIsVisible = 0;
			defaultConfigurationName = Release;
		};
/* End XCConfigurationList section */

/* Begin XCVersionGroup section */
		FDAD4F3C2577A24100C8CF83 /* Daily.xcdatamodeld */ = {
			isa = XCVersionGroup;
			children = (
				FDAD4F3D2577A24100C8CF83 /* Entry.xcdatamodel */,
			);
			currentVersion = FDAD4F3D2577A24100C8CF83 /* Entry.xcdatamodel */;
			path = Daily.xcdatamodeld;
			sourceTree = "<group>";
			versionGroupType = wrapper.xcdatamodel;
		};
/* End XCVersionGroup section */
	};
	rootObject = FDEE7AA92556B97000532653 /* Project object */;
}
